// !$*UTF8*$!
{
	archiveVersion = 1;
	classes = {
	};
	objectVersion = 46;
	objects = {

/* Begin PBXBuildFile section */
		E32ABB6C1C805A12002DD2F1 /* PhotoListViewController.m in Sources */ = {isa = PBXBuildFile; fileRef = E32ABB691C805A12002DD2F1 /* PhotoListViewController.m */; };
		E32ABB6D1C805A12002DD2F1 /* PhotoViewController.m in Sources */ = {isa = PBXBuildFile; fileRef = E32ABB6B1C805A12002DD2F1 /* PhotoViewController.m */; };
		E32ABB741C80670A002DD2F1 /* OldAlbumCell.m in Sources */ = {isa = PBXBuildFile; fileRef = E32ABB731C80670A002DD2F1 /* OldAlbumCell.m */; };
		E370E7B41C7EE2A200A26F03 /* main.m in Sources */ = {isa = PBXBuildFile; fileRef = E370E7B31C7EE2A200A26F03 /* main.m */; };
		E370E7B71C7EE2A200A26F03 /* AppDelegate.m in Sources */ = {isa = PBXBuildFile; fileRef = E370E7B61C7EE2A200A26F03 /* AppDelegate.m */; };
		E370E7BA1C7EE2A200A26F03 /* ViewController.m in Sources */ = {isa = PBXBuildFile; fileRef = E370E7B91C7EE2A200A26F03 /* ViewController.m */; };
		E370E7BD1C7EE2A300A26F03 /* Main.storyboard in Resources */ = {isa = PBXBuildFile; fileRef = E370E7BB1C7EE2A300A26F03 /* Main.storyboard */; };
		E370E7BF1C7EE2A300A26F03 /* Assets.xcassets in Resources */ = {isa = PBXBuildFile; fileRef = E370E7BE1C7EE2A300A26F03 /* Assets.xcassets */; };
		E370E7C21C7EE2A300A26F03 /* LaunchScreen.storyboard in Resources */ = {isa = PBXBuildFile; fileRef = E370E7C01C7EE2A300A26F03 /* LaunchScreen.storyboard */; };
		E370E7CD1C7EE2A300A26F03 /* NJKAlbumDemoTests.m in Sources */ = {isa = PBXBuildFile; fileRef = E370E7CC1C7EE2A300A26F03 /* NJKAlbumDemoTests.m */; };
		E370E7D81C7EE2A300A26F03 /* NJKAlbumDemoUITests.m in Sources */ = {isa = PBXBuildFile; fileRef = E370E7D71C7EE2A300A26F03 /* NJKAlbumDemoUITests.m */; };
		E3B2AC4E1C7EECD500CD69BD /* PickerNavigationController.m in Sources */ = {isa = PBXBuildFile; fileRef = E3B2AC4D1C7EECD500CD69BD /* PickerNavigationController.m */; };
		E3B2AC701C7F1C3300CD69BD /* AlbumChooseController.m in Sources */ = {isa = PBXBuildFile; fileRef = E3B2AC6F1C7F1C3300CD69BD /* AlbumChooseController.m */; };
		E3B2AC731C7F1C4200CD69BD /* AssetChooseController.m in Sources */ = {isa = PBXBuildFile; fileRef = E3B2AC721C7F1C4200CD69BD /* AssetChooseController.m */; };
		E3B2AC761C7F1C5200CD69BD /* AssetPreviewController.m in Sources */ = {isa = PBXBuildFile; fileRef = E3B2AC751C7F1C5200CD69BD /* AssetPreviewController.m */; };
		E3B2AC8B1C7F1C8600CD69BD /* BaseAlbumCell.m in Sources */ = {isa = PBXBuildFile; fileRef = E3B2AC7A1C7F1C8600CD69BD /* BaseAlbumCell.m */; };
		E3B2AC8C1C7F1C8600CD69BD /* BaseAssetCell.m in Sources */ = {isa = PBXBuildFile; fileRef = E3B2AC7C1C7F1C8600CD69BD /* BaseAssetCell.m */; };
		E3B2AC8D1C7F1C8600CD69BD /* BaseAssetPreviewCell.m in Sources */ = {isa = PBXBuildFile; fileRef = E3B2AC7E1C7F1C8600CD69BD /* BaseAssetPreviewCell.m */; };
		E3B2AC8E1C7F1C8600CD69BD /* BaseCollectionViewDataSource.m in Sources */ = {isa = PBXBuildFile; fileRef = E3B2AC811C7F1C8600CD69BD /* BaseCollectionViewDataSource.m */; };
		E3B2AC8F1C7F1C8600CD69BD /* BaseTableViewDataSource.m in Sources */ = {isa = PBXBuildFile; fileRef = E3B2AC831C7F1C8600CD69BD /* BaseTableViewDataSource.m */; };
		E3B2AC901C7F1C8600CD69BD /* BaseAlbumChooseController.m in Sources */ = {isa = PBXBuildFile; fileRef = E3B2AC861C7F1C8600CD69BD /* BaseAlbumChooseController.m */; };
		E3B2AC911C7F1C8600CD69BD /* BaseAssetChooseController.m in Sources */ = {isa = PBXBuildFile; fileRef = E3B2AC881C7F1C8600CD69BD /* BaseAssetChooseController.m */; };
		E3B2AC921C7F1C8600CD69BD /* BaseAssetPreviewController.m in Sources */ = {isa = PBXBuildFile; fileRef = E3B2AC8A1C7F1C8600CD69BD /* BaseAssetPreviewController.m */; };
		E3B2AC951C7F1CBF00CD69BD /* BaseDataSource.m in Sources */ = {isa = PBXBuildFile; fileRef = E3B2AC941C7F1CBF00CD69BD /* BaseDataSource.m */; };
		E3B2AC981C7F1EBC00CD69BD /* AlbumChooseDataShource.m in Sources */ = {isa = PBXBuildFile; fileRef = E3B2AC971C7F1EBC00CD69BD /* AlbumChooseDataShource.m */; };
		E3B2AC9B1C7F22FA00CD69BD /* AlbumCell.m in Sources */ = {isa = PBXBuildFile; fileRef = E3B2AC9A1C7F22FA00CD69BD /* AlbumCell.m */; };
/* End PBXBuildFile section */

/* Begin PBXContainerItemProxy section */
		E370E7C91C7EE2A300A26F03 /* PBXContainerItemProxy */ = {
			isa = PBXContainerItemProxy;
			containerPortal = E370E7A71C7EE2A200A26F03 /* Project object */;
			proxyType = 1;
			remoteGlobalIDString = E370E7AE1C7EE2A200A26F03;
			remoteInfo = NJKAlbumDemo;
		};
		E370E7D41C7EE2A300A26F03 /* PBXContainerItemProxy */ = {
			isa = PBXContainerItemProxy;
			containerPortal = E370E7A71C7EE2A200A26F03 /* Project object */;
			proxyType = 1;
			remoteGlobalIDString = E370E7AE1C7EE2A200A26F03;
			remoteInfo = NJKAlbumDemo;
		};
/* End PBXContainerItemProxy section */

/* Begin PBXFileReference section */
		E32ABB681C805A12002DD2F1 /* PhotoListViewController.h */ = {isa = PBXFileReference; fileEncoding = 4; lastKnownFileType = sourcecode.c.h; path = PhotoListViewController.h; sourceTree = "<group>"; };
		E32ABB691C805A12002DD2F1 /* PhotoListViewController.m */ = {isa = PBXFileReference; fileEncoding = 4; lastKnownFileType = sourcecode.c.objc; path = PhotoListViewController.m; sourceTree = "<group>"; };
		E32ABB6A1C805A12002DD2F1 /* PhotoViewController.h */ = {isa = PBXFileReference; fileEncoding = 4; lastKnownFileType = sourcecode.c.h; path = PhotoViewController.h; sourceTree = "<group>"; };
		E32ABB6B1C805A12002DD2F1 /* PhotoViewController.m */ = {isa = PBXFileReference; fileEncoding = 4; lastKnownFileType = sourcecode.c.objc; path = PhotoViewController.m; sourceTree = "<group>"; };
		E32ABB721C80670A002DD2F1 /* OldAlbumCell.h */ = {isa = PBXFileReference; fileEncoding = 4; lastKnownFileType = sourcecode.c.h; path = OldAlbumCell.h; sourceTree = "<group>"; };
		E32ABB731C80670A002DD2F1 /* OldAlbumCell.m */ = {isa = PBXFileReference; fileEncoding = 4; lastKnownFileType = sourcecode.c.objc; path = OldAlbumCell.m; sourceTree = "<group>"; };
		E370E7AF1C7EE2A200A26F03 /* NJKAlbumDemo.app */ = {isa = PBXFileReference; explicitFileType = wrapper.application; includeInIndex = 0; path = NJKAlbumDemo.app; sourceTree = BUILT_PRODUCTS_DIR; };
		E370E7B31C7EE2A200A26F03 /* main.m */ = {isa = PBXFileReference; lastKnownFileType = sourcecode.c.objc; path = main.m; sourceTree = "<group>"; };
		E370E7B51C7EE2A200A26F03 /* AppDelegate.h */ = {isa = PBXFileReference; lastKnownFileType = sourcecode.c.h; path = AppDelegate.h; sourceTree = "<group>"; };
		E370E7B61C7EE2A200A26F03 /* AppDelegate.m */ = {isa = PBXFileReference; lastKnownFileType = sourcecode.c.objc; path = AppDelegate.m; sourceTree = "<group>"; };
		E370E7B81C7EE2A200A26F03 /* ViewController.h */ = {isa = PBXFileReference; lastKnownFileType = sourcecode.c.h; path = ViewController.h; sourceTree = "<group>"; };
		E370E7B91C7EE2A200A26F03 /* ViewController.m */ = {isa = PBXFileReference; lastKnownFileType = sourcecode.c.objc; path = ViewController.m; sourceTree = "<group>"; };
		E370E7BC1C7EE2A300A26F03 /* Base */ = {isa = PBXFileReference; lastKnownFileType = file.storyboard; name = Base; path = Base.lproj/Main.storyboard; sourceTree = "<group>"; };
		E370E7BE1C7EE2A300A26F03 /* Assets.xcassets */ = {isa = PBXFileReference; lastKnownFileType = folder.assetcatalog; path = Assets.xcassets; sourceTree = "<group>"; };
		E370E7C11C7EE2A300A26F03 /* Base */ = {isa = PBXFileReference; lastKnownFileType = file.storyboard; name = Base; path = Base.lproj/LaunchScreen.storyboard; sourceTree = "<group>"; };
		E370E7C31C7EE2A300A26F03 /* Info.plist */ = {isa = PBXFileReference; lastKnownFileType = text.plist.xml; path = Info.plist; sourceTree = "<group>"; };
		E370E7C81C7EE2A300A26F03 /* NJKAlbumDemoTests.xctest */ = {isa = PBXFileReference; explicitFileType = wrapper.cfbundle; includeInIndex = 0; path = NJKAlbumDemoTests.xctest; sourceTree = BUILT_PRODUCTS_DIR; };
		E370E7CC1C7EE2A300A26F03 /* NJKAlbumDemoTests.m */ = {isa = PBXFileReference; lastKnownFileType = sourcecode.c.objc; path = NJKAlbumDemoTests.m; sourceTree = "<group>"; };
		E370E7CE1C7EE2A300A26F03 /* Info.plist */ = {isa = PBXFileReference; lastKnownFileType = text.plist.xml; path = Info.plist; sourceTree = "<group>"; };
		E370E7D31C7EE2A300A26F03 /* NJKAlbumDemoUITests.xctest */ = {isa = PBXFileReference; explicitFileType = wrapper.cfbundle; includeInIndex = 0; path = NJKAlbumDemoUITests.xctest; sourceTree = BUILT_PRODUCTS_DIR; };
		E370E7D71C7EE2A300A26F03 /* NJKAlbumDemoUITests.m */ = {isa = PBXFileReference; lastKnownFileType = sourcecode.c.objc; path = NJKAlbumDemoUITests.m; sourceTree = "<group>"; };
		E370E7D91C7EE2A300A26F03 /* Info.plist */ = {isa = PBXFileReference; lastKnownFileType = text.plist.xml; path = Info.plist; sourceTree = "<group>"; };
		E3B2AC4C1C7EECD500CD69BD /* PickerNavigationController.h */ = {isa = PBXFileReference; fileEncoding = 4; lastKnownFileType = sourcecode.c.h; path = PickerNavigationController.h; sourceTree = "<group>"; };
		E3B2AC4D1C7EECD500CD69BD /* PickerNavigationController.m */ = {isa = PBXFileReference; fileEncoding = 4; lastKnownFileType = sourcecode.c.objc; path = PickerNavigationController.m; sourceTree = "<group>"; };
		E3B2AC6E1C7F1C3300CD69BD /* AlbumChooseController.h */ = {isa = PBXFileReference; fileEncoding = 4; lastKnownFileType = sourcecode.c.h; path = AlbumChooseController.h; sourceTree = "<group>"; };
		E3B2AC6F1C7F1C3300CD69BD /* AlbumChooseController.m */ = {isa = PBXFileReference; fileEncoding = 4; lastKnownFileType = sourcecode.c.objc; path = AlbumChooseController.m; sourceTree = "<group>"; };
		E3B2AC711C7F1C4200CD69BD /* AssetChooseController.h */ = {isa = PBXFileReference; fileEncoding = 4; lastKnownFileType = sourcecode.c.h; path = AssetChooseController.h; sourceTree = "<group>"; };
		E3B2AC721C7F1C4200CD69BD /* AssetChooseController.m */ = {isa = PBXFileReference; fileEncoding = 4; lastKnownFileType = sourcecode.c.objc; path = AssetChooseController.m; sourceTree = "<group>"; };
		E3B2AC741C7F1C5200CD69BD /* AssetPreviewController.h */ = {isa = PBXFileReference; fileEncoding = 4; lastKnownFileType = sourcecode.c.h; path = AssetPreviewController.h; sourceTree = "<group>"; };
		E3B2AC751C7F1C5200CD69BD /* AssetPreviewController.m */ = {isa = PBXFileReference; fileEncoding = 4; lastKnownFileType = sourcecode.c.objc; path = AssetPreviewController.m; sourceTree = "<group>"; };
		E3B2AC791C7F1C8600CD69BD /* BaseAlbumCell.h */ = {isa = PBXFileReference; fileEncoding = 4; lastKnownFileType = sourcecode.c.h; path = BaseAlbumCell.h; sourceTree = "<group>"; };
		E3B2AC7A1C7F1C8600CD69BD /* BaseAlbumCell.m */ = {isa = PBXFileReference; fileEncoding = 4; lastKnownFileType = sourcecode.c.objc; path = BaseAlbumCell.m; sourceTree = "<group>"; };
		E3B2AC7B1C7F1C8600CD69BD /* BaseAssetCell.h */ = {isa = PBXFileReference; fileEncoding = 4; lastKnownFileType = sourcecode.c.h; path = BaseAssetCell.h; sourceTree = "<group>"; };
		E3B2AC7C1C7F1C8600CD69BD /* BaseAssetCell.m */ = {isa = PBXFileReference; fileEncoding = 4; lastKnownFileType = sourcecode.c.objc; path = BaseAssetCell.m; sourceTree = "<group>"; };
		E3B2AC7D1C7F1C8600CD69BD /* BaseAssetPreviewCell.h */ = {isa = PBXFileReference; fileEncoding = 4; lastKnownFileType = sourcecode.c.h; path = BaseAssetPreviewCell.h; sourceTree = "<group>"; };
		E3B2AC7E1C7F1C8600CD69BD /* BaseAssetPreviewCell.m */ = {isa = PBXFileReference; fileEncoding = 4; lastKnownFileType = sourcecode.c.objc; path = BaseAssetPreviewCell.m; sourceTree = "<group>"; };
		E3B2AC801C7F1C8600CD69BD /* BaseCollectionViewDataSource.h */ = {isa = PBXFileReference; fileEncoding = 4; lastKnownFileType = sourcecode.c.h; path = BaseCollectionViewDataSource.h; sourceTree = "<group>"; };
		E3B2AC811C7F1C8600CD69BD /* BaseCollectionViewDataSource.m */ = {isa = PBXFileReference; fileEncoding = 4; lastKnownFileType = sourcecode.c.objc; path = BaseCollectionViewDataSource.m; sourceTree = "<group>"; };
		E3B2AC821C7F1C8600CD69BD /* BaseTableViewDataSource.h */ = {isa = PBXFileReference; fileEncoding = 4; lastKnownFileType = sourcecode.c.h; path = BaseTableViewDataSource.h; sourceTree = "<group>"; };
		E3B2AC831C7F1C8600CD69BD /* BaseTableViewDataSource.m */ = {isa = PBXFileReference; fileEncoding = 4; lastKnownFileType = sourcecode.c.objc; path = BaseTableViewDataSource.m; sourceTree = "<group>"; };
		E3B2AC851C7F1C8600CD69BD /* BaseAlbumChooseController.h */ = {isa = PBXFileReference; fileEncoding = 4; lastKnownFileType = sourcecode.c.h; path = BaseAlbumChooseController.h; sourceTree = "<group>"; };
		E3B2AC861C7F1C8600CD69BD /* BaseAlbumChooseController.m */ = {isa = PBXFileReference; fileEncoding = 4; lastKnownFileType = sourcecode.c.objc; path = BaseAlbumChooseController.m; sourceTree = "<group>"; };
		E3B2AC871C7F1C8600CD69BD /* BaseAssetChooseController.h */ = {isa = PBXFileReference; fileEncoding = 4; lastKnownFileType = sourcecode.c.h; path = BaseAssetChooseController.h; sourceTree = "<group>"; };
		E3B2AC881C7F1C8600CD69BD /* BaseAssetChooseController.m */ = {isa = PBXFileReference; fileEncoding = 4; lastKnownFileType = sourcecode.c.objc; path = BaseAssetChooseController.m; sourceTree = "<group>"; };
		E3B2AC891C7F1C8600CD69BD /* BaseAssetPreviewController.h */ = {isa = PBXFileReference; fileEncoding = 4; lastKnownFileType = sourcecode.c.h; path = BaseAssetPreviewController.h; sourceTree = "<group>"; };
		E3B2AC8A1C7F1C8600CD69BD /* BaseAssetPreviewController.m */ = {isa = PBXFileReference; fileEncoding = 4; lastKnownFileType = sourcecode.c.objc; path = BaseAssetPreviewController.m; sourceTree = "<group>"; };
		E3B2AC931C7F1CBF00CD69BD /* BaseDataSource.h */ = {isa = PBXFileReference; fileEncoding = 4; lastKnownFileType = sourcecode.c.h; path = BaseDataSource.h; sourceTree = "<group>"; };
		E3B2AC941C7F1CBF00CD69BD /* BaseDataSource.m */ = {isa = PBXFileReference; fileEncoding = 4; lastKnownFileType = sourcecode.c.objc; path = BaseDataSource.m; sourceTree = "<group>"; };
		E3B2AC961C7F1EBC00CD69BD /* AlbumChooseDataShource.h */ = {isa = PBXFileReference; fileEncoding = 4; lastKnownFileType = sourcecode.c.h; path = AlbumChooseDataShource.h; sourceTree = "<group>"; };
		E3B2AC971C7F1EBC00CD69BD /* AlbumChooseDataShource.m */ = {isa = PBXFileReference; fileEncoding = 4; lastKnownFileType = sourcecode.c.objc; path = AlbumChooseDataShource.m; sourceTree = "<group>"; };
		E3B2AC991C7F22FA00CD69BD /* AlbumCell.h */ = {isa = PBXFileReference; fileEncoding = 4; lastKnownFileType = sourcecode.c.h; path = AlbumCell.h; sourceTree = "<group>"; };
		E3B2AC9A1C7F22FA00CD69BD /* AlbumCell.m */ = {isa = PBXFileReference; fileEncoding = 4; lastKnownFileType = sourcecode.c.objc; path = AlbumCell.m; sourceTree = "<group>"; };
/* End PBXFileReference section */

/* Begin PBXFrameworksBuildPhase section */
		E370E7AC1C7EE2A200A26F03 /* Frameworks */ = {
			isa = PBXFrameworksBuildPhase;
			buildActionMask = 2147483647;
			files = (
			);
			runOnlyForDeploymentPostprocessing = 0;
		};
		E370E7C51C7EE2A300A26F03 /* Frameworks */ = {
			isa = PBXFrameworksBuildPhase;
			buildActionMask = 2147483647;
			files = (
			);
			runOnlyForDeploymentPostprocessing = 0;
		};
		E370E7D01C7EE2A300A26F03 /* Frameworks */ = {
			isa = PBXFrameworksBuildPhase;
			buildActionMask = 2147483647;
			files = (
			);
			runOnlyForDeploymentPostprocessing = 0;
		};
/* End PBXFrameworksBuildPhase section */

/* Begin PBXGroup section */
		E32ABB6F1C8066F7002DD2F1 /* Cell */ = {
			isa = PBXGroup;
			children = (
				E32ABB721C80670A002DD2F1 /* OldAlbumCell.h */,
				E32ABB731C80670A002DD2F1 /* OldAlbumCell.m */,
			);
			path = Cell;
			sourceTree = "<group>";
		};
		E32ABB701C8066F7002DD2F1 /* DataSource */ = {
			isa = PBXGroup;
			children = (
			);
			path = DataSource;
			sourceTree = "<group>";
		};
		E32ABB711C8066F7002DD2F1 /* ViewController */ = {
			isa = PBXGroup;
			children = (
			);
			path = ViewController;
			sourceTree = "<group>";
		};
		E370E7A61C7EE2A200A26F03 = {
			isa = PBXGroup;
			children = (
				E370E7B11C7EE2A200A26F03 /* NJKAlbumDemo */,
				E370E7CB1C7EE2A300A26F03 /* NJKAlbumDemoTests */,
				E370E7D61C7EE2A300A26F03 /* NJKAlbumDemoUITests */,
				E370E7B01C7EE2A200A26F03 /* Products */,
			);
			sourceTree = "<group>";
		};
		E370E7B01C7EE2A200A26F03 /* Products */ = {
			isa = PBXGroup;
			children = (
				E370E7AF1C7EE2A200A26F03 /* NJKAlbumDemo.app */,
				E370E7C81C7EE2A300A26F03 /* NJKAlbumDemoTests.xctest */,
				E370E7D31C7EE2A300A26F03 /* NJKAlbumDemoUITests.xctest */,
			);
			name = Products;
			sourceTree = "<group>";
		};
		E370E7B11C7EE2A200A26F03 /* NJKAlbumDemo */ = {
			isa = PBXGroup;
			children = (
				E3B2AC451C7EEA6E00CD69BD /* Function */,
				E3B2AC3B1C7EE9C100CD69BD /* Module */,
				E370E7B51C7EE2A200A26F03 /* AppDelegate.h */,
				E370E7B61C7EE2A200A26F03 /* AppDelegate.m */,
				E370E7B81C7EE2A200A26F03 /* ViewController.h */,
				E370E7B91C7EE2A200A26F03 /* ViewController.m */,
				E370E7BB1C7EE2A300A26F03 /* Main.storyboard */,
				E370E7BE1C7EE2A300A26F03 /* Assets.xcassets */,
				E370E7C01C7EE2A300A26F03 /* LaunchScreen.storyboard */,
				E370E7C31C7EE2A300A26F03 /* Info.plist */,
				E370E7B21C7EE2A200A26F03 /* Supporting Files */,
			);
			path = NJKAlbumDemo;
			sourceTree = "<group>";
		};
		E370E7B21C7EE2A200A26F03 /* Supporting Files */ = {
			isa = PBXGroup;
			children = (
				E370E7B31C7EE2A200A26F03 /* main.m */,
			);
			name = "Supporting Files";
			sourceTree = "<group>";
		};
		E370E7CB1C7EE2A300A26F03 /* NJKAlbumDemoTests */ = {
			isa = PBXGroup;
			children = (
				E370E7CC1C7EE2A300A26F03 /* NJKAlbumDemoTests.m */,
				E370E7CE1C7EE2A300A26F03 /* Info.plist */,
			);
			path = NJKAlbumDemoTests;
			sourceTree = "<group>";
		};
		E370E7D61C7EE2A300A26F03 /* NJKAlbumDemoUITests */ = {
			isa = PBXGroup;
			children = (
				E370E7D71C7EE2A300A26F03 /* NJKAlbumDemoUITests.m */,
				E370E7D91C7EE2A300A26F03 /* Info.plist */,
			);
			path = NJKAlbumDemoUITests;
			sourceTree = "<group>";
		};
		E3B2AC3B1C7EE9C100CD69BD /* Module */ = {
			isa = PBXGroup;
			children = (
				E3B2AC771C7F1C8600CD69BD /* BaseAlbum */,
				E3B2AC3C1C7EE9C100CD69BD /* Album */,
				E3B2AC411C7EE9C100CD69BD /* CloudAlbum */,
				E3B2AC421C7EE9C100CD69BD /* OldAlbum */,
				E3B2AC431C7EE9C100CD69BD /* PickerNavigator */,
				E3B2AC441C7EE9C100CD69BD /* PickerNotifications */,
			);
			path = Module;
			sourceTree = "<group>";
		};
		E3B2AC3C1C7EE9C100CD69BD /* Album */ = {
			isa = PBXGroup;
			children = (
				E3B2AC6B1C7F1B8E00CD69BD /* Cell */,
				E3B2AC6C1C7F1B8E00CD69BD /* DataSource */,
				E3B2AC6D1C7F1B8E00CD69BD /* ViewController */,
			);
			path = Album;
			sourceTree = "<group>";
		};
		E3B2AC411C7EE9C100CD69BD /* CloudAlbum */ = {
			isa = PBXGroup;
			children = (
			);
			path = CloudAlbum;
			sourceTree = "<group>";
		};
		E3B2AC421C7EE9C100CD69BD /* OldAlbum */ = {
			isa = PBXGroup;
			children = (
				E32ABB6F1C8066F7002DD2F1 /* Cell */,
				E32ABB701C8066F7002DD2F1 /* DataSource */,
				E32ABB711C8066F7002DD2F1 /* ViewController */,
				E32ABB681C805A12002DD2F1 /* PhotoListViewController.h */,
				E32ABB691C805A12002DD2F1 /* PhotoListViewController.m */,
				E32ABB6A1C805A12002DD2F1 /* PhotoViewController.h */,
				E32ABB6B1C805A12002DD2F1 /* PhotoViewController.m */,
			);
			path = OldAlbum;
			sourceTree = "<group>";
		};
		E3B2AC431C7EE9C100CD69BD /* PickerNavigator */ = {
			isa = PBXGroup;
			children = (
				E3B2AC4C1C7EECD500CD69BD /* PickerNavigationController.h */,
				E3B2AC4D1C7EECD500CD69BD /* PickerNavigationController.m */,
			);
			path = PickerNavigator;
			sourceTree = "<group>";
		};
		E3B2AC441C7EE9C100CD69BD /* PickerNotifications */ = {
			isa = PBXGroup;
			children = (
			);
			path = PickerNotifications;
			sourceTree = "<group>";
		};
		E3B2AC451C7EEA6E00CD69BD /* Function */ = {
			isa = PBXGroup;
			children = (
				E3B2AC9C1C7F238E00CD69BD /* ImageApi */,
				E3B2AC4A1C7EEAA100CD69BD /* Category */,
				E3B2AC4B1C7EEAA100CD69BD /* Utility */,
			);
			path = Function;
			sourceTree = "<group>";
		};
		E3B2AC4A1C7EEAA100CD69BD /* Category */ = {
			isa = PBXGroup;
			children = (
			);
			path = Category;
			sourceTree = "<group>";
		};
		E3B2AC4B1C7EEAA100CD69BD /* Utility */ = {
			isa = PBXGroup;
			children = (
			);
			path = Utility;
			sourceTree = "<group>";
		};
		E3B2AC6B1C7F1B8E00CD69BD /* Cell */ = {
			isa = PBXGroup;
			children = (
				E3B2AC991C7F22FA00CD69BD /* AlbumCell.h */,
				E3B2AC9A1C7F22FA00CD69BD /* AlbumCell.m */,
			);
			path = Cell;
			sourceTree = "<group>";
		};
		E3B2AC6C1C7F1B8E00CD69BD /* DataSource */ = {
			isa = PBXGroup;
			children = (
				E3B2AC961C7F1EBC00CD69BD /* AlbumChooseDataShource.h */,
				E3B2AC971C7F1EBC00CD69BD /* AlbumChooseDataShource.m */,
			);
			path = DataSource;
			sourceTree = "<group>";
		};
		E3B2AC6D1C7F1B8E00CD69BD /* ViewController */ = {
			isa = PBXGroup;
			children = (
				E3B2AC6E1C7F1C3300CD69BD /* AlbumChooseController.h */,
				E3B2AC6F1C7F1C3300CD69BD /* AlbumChooseController.m */,
				E3B2AC711C7F1C4200CD69BD /* AssetChooseController.h */,
				E3B2AC721C7F1C4200CD69BD /* AssetChooseController.m */,
				E3B2AC741C7F1C5200CD69BD /* AssetPreviewController.h */,
				E3B2AC751C7F1C5200CD69BD /* AssetPreviewController.m */,
			);
			path = ViewController;
			sourceTree = "<group>";
		};
		E3B2AC771C7F1C8600CD69BD /* BaseAlbum */ = {
			isa = PBXGroup;
			children = (
				E3B2AC781C7F1C8600CD69BD /* Cell */,
				E3B2AC7F1C7F1C8600CD69BD /* DataSource */,
				E3B2AC841C7F1C8600CD69BD /* ViewController */,
			);
			path = BaseAlbum;
			sourceTree = "<group>";
		};
		E3B2AC781C7F1C8600CD69BD /* Cell */ = {
			isa = PBXGroup;
			children = (
				E3B2AC791C7F1C8600CD69BD /* BaseAlbumCell.h */,
				E3B2AC7A1C7F1C8600CD69BD /* BaseAlbumCell.m */,
				E3B2AC7B1C7F1C8600CD69BD /* BaseAssetCell.h */,
				E3B2AC7C1C7F1C8600CD69BD /* BaseAssetCell.m */,
				E3B2AC7D1C7F1C8600CD69BD /* BaseAssetPreviewCell.h */,
				E3B2AC7E1C7F1C8600CD69BD /* BaseAssetPreviewCell.m */,
			);
			path = Cell;
			sourceTree = "<group>";
		};
		E3B2AC7F1C7F1C8600CD69BD /* DataSource */ = {
			isa = PBXGroup;
			children = (
				E3B2AC801C7F1C8600CD69BD /* BaseCollectionViewDataSource.h */,
				E3B2AC811C7F1C8600CD69BD /* BaseCollectionViewDataSource.m */,
				E3B2AC821C7F1C8600CD69BD /* BaseTableViewDataSource.h */,
				E3B2AC831C7F1C8600CD69BD /* BaseTableViewDataSource.m */,
				E3B2AC931C7F1CBF00CD69BD /* BaseDataSource.h */,
				E3B2AC941C7F1CBF00CD69BD /* BaseDataSource.m */,
			);
			path = DataSource;
			sourceTree = "<group>";
		};
		E3B2AC841C7F1C8600CD69BD /* ViewController */ = {
			isa = PBXGroup;
			children = (
				E3B2AC851C7F1C8600CD69BD /* BaseAlbumChooseController.h */,
				E3B2AC861C7F1C8600CD69BD /* BaseAlbumChooseController.m */,
				E3B2AC871C7F1C8600CD69BD /* BaseAssetChooseController.h */,
				E3B2AC881C7F1C8600CD69BD /* BaseAssetChooseController.m */,
				E3B2AC891C7F1C8600CD69BD /* BaseAssetPreviewController.h */,
				E3B2AC8A1C7F1C8600CD69BD /* BaseAssetPreviewController.m */,
			);
			path = ViewController;
			sourceTree = "<group>";
		};
		E3B2AC9C1C7F238E00CD69BD /* ImageApi */ = {
			isa = PBXGroup;
			children = (
				E3B2AC9D1C7F238E00CD69BD /* ALImageApi */,
				E3B2ACA01C7F238E00CD69BD /* CloudImageApi */,
				E3B2ACA11C7F238E00CD69BD /* PHImageApi */,
			);
			path = ImageApi;
			sourceTree = "<group>";
		};
		E3B2AC9D1C7F238E00CD69BD /* ALImageApi */ = {
			isa = PBXGroup;
			children = (
			);
			path = ALImageApi;
			sourceTree = "<group>";
		};
		E3B2ACA01C7F238E00CD69BD /* CloudImageApi */ = {
			isa = PBXGroup;
			children = (
			);
			path = CloudImageApi;
			sourceTree = "<group>";
		};
		E3B2ACA11C7F238E00CD69BD /* PHImageApi */ = {
			isa = PBXGroup;
			children = (
			);
			path = PHImageApi;
			sourceTree = "<group>";
		};
/* End PBXGroup section */

/* Begin PBXNativeTarget section */
		E370E7AE1C7EE2A200A26F03 /* NJKAlbumDemo */ = {
			isa = PBXNativeTarget;
			buildConfigurationList = E370E7DC1C7EE2A300A26F03 /* Build configuration list for PBXNativeTarget "NJKAlbumDemo" */;
			buildPhases = (
				E370E7AB1C7EE2A200A26F03 /* Sources */,
				E370E7AC1C7EE2A200A26F03 /* Frameworks */,
				E370E7AD1C7EE2A200A26F03 /* Resources */,
			);
			buildRules = (
			);
			dependencies = (
			);
			name = NJKAlbumDemo;
			productName = NJKAlbumDemo;
			productReference = E370E7AF1C7EE2A200A26F03 /* NJKAlbumDemo.app */;
			productType = "com.apple.product-type.application";
		};
		E370E7C71C7EE2A300A26F03 /* NJKAlbumDemoTests */ = {
			isa = PBXNativeTarget;
			buildConfigurationList = E370E7DF1C7EE2A300A26F03 /* Build configuration list for PBXNativeTarget "NJKAlbumDemoTests" */;
			buildPhases = (
				E370E7C41C7EE2A300A26F03 /* Sources */,
				E370E7C51C7EE2A300A26F03 /* Frameworks */,
				E370E7C61C7EE2A300A26F03 /* Resources */,
			);
			buildRules = (
			);
			dependencies = (
				E370E7CA1C7EE2A300A26F03 /* PBXTargetDependency */,
			);
			name = NJKAlbumDemoTests;
			productName = NJKAlbumDemoTests;
			productReference = E370E7C81C7EE2A300A26F03 /* NJKAlbumDemoTests.xctest */;
			productType = "com.apple.product-type.bundle.unit-test";
		};
		E370E7D21C7EE2A300A26F03 /* NJKAlbumDemoUITests */ = {
			isa = PBXNativeTarget;
			buildConfigurationList = E370E7E21C7EE2A300A26F03 /* Build configuration list for PBXNativeTarget "NJKAlbumDemoUITests" */;
			buildPhases = (
				E370E7CF1C7EE2A300A26F03 /* Sources */,
				E370E7D01C7EE2A300A26F03 /* Frameworks */,
				E370E7D11C7EE2A300A26F03 /* Resources */,
			);
			buildRules = (
			);
			dependencies = (
				E370E7D51C7EE2A300A26F03 /* PBXTargetDependency */,
			);
			name = NJKAlbumDemoUITests;
			productName = NJKAlbumDemoUITests;
			productReference = E370E7D31C7EE2A300A26F03 /* NJKAlbumDemoUITests.xctest */;
			productType = "com.apple.product-type.bundle.ui-testing";
		};
/* End PBXNativeTarget section */

/* Begin PBXProject section */
		E370E7A71C7EE2A200A26F03 /* Project object */ = {
			isa = PBXProject;
			attributes = {
				LastUpgradeCheck = 0720;
				ORGANIZATIONNAME = poco;
				TargetAttributes = {
					E370E7AE1C7EE2A200A26F03 = {
						CreatedOnToolsVersion = 7.2;
					};
					E370E7C71C7EE2A300A26F03 = {
						CreatedOnToolsVersion = 7.2;
						TestTargetID = E370E7AE1C7EE2A200A26F03;
					};
					E370E7D21C7EE2A300A26F03 = {
						CreatedOnToolsVersion = 7.2;
						TestTargetID = E370E7AE1C7EE2A200A26F03;
					};
				};
			};
			buildConfigurationList = E370E7AA1C7EE2A200A26F03 /* Build configuration list for PBXProject "NJKAlbumDemo" */;
			compatibilityVersion = "Xcode 3.2";
			developmentRegion = English;
			hasScannedForEncodings = 0;
			knownRegions = (
				en,
				Base,
			);
			mainGroup = E370E7A61C7EE2A200A26F03;
			productRefGroup = E370E7B01C7EE2A200A26F03 /* Products */;
			projectDirPath = "";
			projectRoot = "";
			targets = (
				E370E7AE1C7EE2A200A26F03 /* NJKAlbumDemo */,
				E370E7C71C7EE2A300A26F03 /* NJKAlbumDemoTests */,
				E370E7D21C7EE2A300A26F03 /* NJKAlbumDemoUITests */,
			);
		};
/* End PBXProject section */

/* Begin PBXResourcesBuildPhase section */
		E370E7AD1C7EE2A200A26F03 /* Resources */ = {
			isa = PBXResourcesBuildPhase;
			buildActionMask = 2147483647;
			files = (
				E370E7C21C7EE2A300A26F03 /* LaunchScreen.storyboard in Resources */,
				E370E7BF1C7EE2A300A26F03 /* Assets.xcassets in Resources */,
				E370E7BD1C7EE2A300A26F03 /* Main.storyboard in Resources */,
			);
			runOnlyForDeploymentPostprocessing = 0;
		};
		E370E7C61C7EE2A300A26F03 /* Resources */ = {
			isa = PBXResourcesBuildPhase;
			buildActionMask = 2147483647;
			files = (
			);
			runOnlyForDeploymentPostprocessing = 0;
		};
		E370E7D11C7EE2A300A26F03 /* Resources */ = {
			isa = PBXResourcesBuildPhase;
			buildActionMask = 2147483647;
			files = (
			);
			runOnlyForDeploymentPostprocessing = 0;
		};
/* End PBXResourcesBuildPhase section */

/* Begin PBXSourcesBuildPhase section */
		E370E7AB1C7EE2A200A26F03 /* Sources */ = {
			isa = PBXSourcesBuildPhase;
			buildActionMask = 2147483647;
			files = (
				E3B2AC901C7F1C8600CD69BD /* BaseAlbumChooseController.m in Sources */,
				E3B2AC951C7F1CBF00CD69BD /* BaseDataSource.m in Sources */,
				E3B2AC8E1C7F1C8600CD69BD /* BaseCollectionViewDataSource.m in Sources */,
				E370E7BA1C7EE2A200A26F03 /* ViewController.m in Sources */,
				E3B2AC731C7F1C4200CD69BD /* AssetChooseController.m in Sources */,
				E3B2AC8C1C7F1C8600CD69BD /* BaseAssetCell.m in Sources */,
				E32ABB6C1C805A12002DD2F1 /* PhotoListViewController.m in Sources */,
				E3B2AC761C7F1C5200CD69BD /* AssetPreviewController.m in Sources */,
				E3B2AC981C7F1EBC00CD69BD /* AlbumChooseDataShource.m in Sources */,
				E32ABB6D1C805A12002DD2F1 /* PhotoViewController.m in Sources */,
				E3B2AC8F1C7F1C8600CD69BD /* BaseTableViewDataSource.m in Sources */,
				E3B2AC8D1C7F1C8600CD69BD /* BaseAssetPreviewCell.m in Sources */,
				E3B2AC921C7F1C8600CD69BD /* BaseAssetPreviewController.m in Sources */,
				E3B2AC9B1C7F22FA00CD69BD /* AlbumCell.m in Sources */,
				E3B2AC911C7F1C8600CD69BD /* BaseAssetChooseController.m in Sources */,
				E3B2AC4E1C7EECD500CD69BD /* PickerNavigationController.m in Sources */,
				E3B2AC701C7F1C3300CD69BD /* AlbumChooseController.m in Sources */,
				E370E7B71C7EE2A200A26F03 /* AppDelegate.m in Sources */,
				E3B2AC8B1C7F1C8600CD69BD /* BaseAlbumCell.m in Sources */,
				E370E7B41C7EE2A200A26F03 /* main.m in Sources */,
				E32ABB741C80670A002DD2F1 /* OldAlbumCell.m in Sources */,
			);
			runOnlyForDeploymentPostprocessing = 0;
		};
		E370E7C41C7EE2A300A26F03 /* Sources */ = {
			isa = PBXSourcesBuildPhase;
			buildActionMask = 2147483647;
			files = (
				E370E7CD1C7EE2A300A26F03 /* NJKAlbumDemoTests.m in Sources */,
			);
			runOnlyForDeploymentPostprocessing = 0;
		};
		E370E7CF1C7EE2A300A26F03 /* Sources */ = {
			isa = PBXSourcesBuildPhase;
			buildActionMask = 2147483647;
			files = (
				E370E7D81C7EE2A300A26F03 /* NJKAlbumDemoUITests.m in Sources */,
			);
			runOnlyForDeploymentPostprocessing = 0;
		};
/* End PBXSourcesBuildPhase section */

/* Begin PBXTargetDependency section */
		E370E7CA1C7EE2A300A26F03 /* PBXTargetDependency */ = {
			isa = PBXTargetDependency;
			target = E370E7AE1C7EE2A200A26F03 /* NJKAlbumDemo */;
			targetProxy = E370E7C91C7EE2A300A26F03 /* PBXContainerItemProxy */;
		};
		E370E7D51C7EE2A300A26F03 /* PBXTargetDependency */ = {
			isa = PBXTargetDependency;
			target = E370E7AE1C7EE2A200A26F03 /* NJKAlbumDemo */;
			targetProxy = E370E7D41C7EE2A300A26F03 /* PBXContainerItemProxy */;
		};
/* End PBXTargetDependency section */

/* Begin PBXVariantGroup section */
		E370E7BB1C7EE2A300A26F03 /* Main.storyboard */ = {
			isa = PBXVariantGroup;
			children = (
				E370E7BC1C7EE2A300A26F03 /* Base */,
			);
			name = Main.storyboard;
			sourceTree = "<group>";
		};
		E370E7C01C7EE2A300A26F03 /* LaunchScreen.storyboard */ = {
			isa = PBXVariantGroup;
			children = (
				E370E7C11C7EE2A300A26F03 /* Base */,
			);
			name = LaunchScreen.storyboard;
			sourceTree = "<group>";
		};
/* End PBXVariantGroup section */

/* Begin XCBuildConfiguration section */
		E370E7DA1C7EE2A300A26F03 /* Debug */ = {
			isa = XCBuildConfiguration;
			buildSettings = {
				ALWAYS_SEARCH_USER_PATHS = NO;
				CLANG_CXX_LANGUAGE_STANDARD = "gnu++0x";
				CLANG_CXX_LIBRARY = "libc++";
				CLANG_ENABLE_MODULES = YES;
				CLANG_ENABLE_OBJC_ARC = YES;
				CLANG_WARN_BOOL_CONVERSION = YES;
				CLANG_WARN_CONSTANT_CONVERSION = YES;
				CLANG_WARN_DIRECT_OBJC_ISA_USAGE = YES_ERROR;
				CLANG_WARN_EMPTY_BODY = YES;
				CLANG_WARN_ENUM_CONVERSION = YES;
				CLANG_WARN_INT_CONVERSION = YES;
				CLANG_WARN_OBJC_ROOT_CLASS = YES_ERROR;
				CLANG_WARN_UNREACHABLE_CODE = YES;
				CLANG_WARN__DUPLICATE_METHOD_MATCH = YES;
				"CODE_SIGN_IDENTITY[sdk=iphoneos*]" = "iPhone Developer";
				COPY_PHASE_STRIP = NO;
				DEBUG_INFORMATION_FORMAT = dwarf;
				ENABLE_STRICT_OBJC_MSGSEND = YES;
				ENABLE_TESTABILITY = YES;
				GCC_C_LANGUAGE_STANDARD = gnu99;
				GCC_DYNAMIC_NO_PIC = NO;
				GCC_NO_COMMON_BLOCKS = YES;
				GCC_OPTIMIZATION_LEVEL = 0;
				GCC_PREPROCESSOR_DEFINITIONS = (
					"DEBUG=1",
					"$(inherited)",
				);
				GCC_WARN_64_TO_32_BIT_CONVERSION = YES;
				GCC_WARN_ABOUT_RETURN_TYPE = YES_ERROR;
				GCC_WARN_UNDECLARED_SELECTOR = YES;
				GCC_WARN_UNINITIALIZED_AUTOS = YES_AGGRESSIVE;
				GCC_WARN_UNUSED_FUNCTION = YES;
				GCC_WARN_UNUSED_VARIABLE = YES;
				IPHONEOS_DEPLOYMENT_TARGET = 9.2;
				MTL_ENABLE_DEBUG_INFO = YES;
				ONLY_ACTIVE_ARCH = YES;
				SDKROOT = iphoneos;
			};
			name = Debug;
		};
		E370E7DB1C7EE2A300A26F03 /* Release */ = {
			isa = XCBuildConfiguration;
			buildSettings = {
				ALWAYS_SEARCH_USER_PATHS = NO;
				CLANG_CXX_LANGUAGE_STANDARD = "gnu++0x";
				CLANG_CXX_LIBRARY = "libc++";
				CLANG_ENABLE_MODULES = YES;
				CLANG_ENABLE_OBJC_ARC = YES;
				CLANG_WARN_BOOL_CONVERSION = YES;
				CLANG_WARN_CONSTANT_CONVERSION = YES;
				CLANG_WARN_DIRECT_OBJC_ISA_USAGE = YES_ERROR;
				CLANG_WARN_EMPTY_BODY = YES;
				CLANG_WARN_ENUM_CONVERSION = YES;
				CLANG_WARN_INT_CONVERSION = YES;
				CLANG_WARN_OBJC_ROOT_CLASS = YES_ERROR;
				CLANG_WARN_UNREACHABLE_CODE = YES;
				CLANG_WARN__DUPLICATE_METHOD_MATCH = YES;
				"CODE_SIGN_IDENTITY[sdk=iphoneos*]" = "iPhone Developer";
				COPY_PHASE_STRIP = NO;
				DEBUG_INFORMATION_FORMAT = "dwarf-with-dsym";
				ENABLE_NS_ASSERTIONS = NO;
				ENABLE_STRICT_OBJC_MSGSEND = YES;
				GCC_C_LANGUAGE_STANDARD = gnu99;
				GCC_NO_COMMON_BLOCKS = YES;
				GCC_WARN_64_TO_32_BIT_CONVERSION = YES;
				GCC_WARN_ABOUT_RETURN_TYPE = YES_ERROR;
				GCC_WARN_UNDECLARED_SELECTOR = YES;
				GCC_WARN_UNINITIALIZED_AUTOS = YES_AGGRESSIVE;
				GCC_WARN_UNUSED_FUNCTION = YES;
				GCC_WARN_UNUSED_VARIABLE = YES;
				IPHONEOS_DEPLOYMENT_TARGET = 9.2;
				MTL_ENABLE_DEBUG_INFO = NO;
				SDKROOT = iphoneos;
				VALIDATE_PRODUCT = YES;
			};
			name = Release;
		};
		E370E7DD1C7EE2A300A26F03 /* Debug */ = {
			isa = XCBuildConfiguration;
			buildSettings = {
				ASSETCATALOG_COMPILER_APPICON_NAME = AppIcon;
				INFOPLIST_FILE = NJKAlbumDemo/Info.plist;
				IPHONEOS_DEPLOYMENT_TARGET = 6.0;
				LD_RUNPATH_SEARCH_PATHS = "$(inherited) @executable_path/Frameworks";
				PRODUCT_BUNDLE_IDENTIFIER = cn.poco.NJKAlbumDemo;
				PRODUCT_NAME = "$(TARGET_NAME)";
			};
			name = Debug;
		};
		E370E7DE1C7EE2A300A26F03 /* Release */ = {
			isa = XCBuildConfiguration;
			buildSettings = {
				ASSETCATALOG_COMPILER_APPICON_NAME = AppIcon;
				INFOPLIST_FILE = NJKAlbumDemo/Info.plist;
				IPHONEOS_DEPLOYMENT_TARGET = 6.0;
				LD_RUNPATH_SEARCH_PATHS = "$(inherited) @executable_path/Frameworks";
				PRODUCT_BUNDLE_IDENTIFIER = cn.poco.NJKAlbumDemo;
				PRODUCT_NAME = "$(TARGET_NAME)";
			};
			name = Release;
		};
		E370E7E01C7EE2A300A26F03 /* Debug */ = {
			isa = XCBuildConfiguration;
			buildSettings = {
				BUNDLE_LOADER = "$(TEST_HOST)";
				INFOPLIST_FILE = NJKAlbumDemoTests/Info.plist;
				LD_RUNPATH_SEARCH_PATHS = "$(inherited) @executable_path/Frameworks @loader_path/Frameworks";
				PRODUCT_BUNDLE_IDENTIFIER = cn.poco.NJKAlbumDemoTests;
				PRODUCT_NAME = "$(TARGET_NAME)";
				TEST_HOST = "$(BUILT_PRODUCTS_DIR)/NJKAlbumDemo.app/NJKAlbumDemo";
			};
			name = Debug;
		};
		E370E7E11C7EE2A300A26F03 /* Release */ = {
			isa = XCBuildConfiguration;
			buildSettings = {
				BUNDLE_LOADER = "$(TEST_HOST)";
				INFOPLIST_FILE = NJKAlbumDemoTests/Info.plist;
				LD_RUNPATH_SEARCH_PATHS = "$(inherited) @executable_path/Frameworks @loader_path/Frameworks";
				PRODUCT_BUNDLE_IDENTIFIER = cn.poco.NJKAlbumDemoTests;
				PRODUCT_NAME = "$(TARGET_NAME)";
				TEST_HOST = "$(BUILT_PRODUCTS_DIR)/NJKAlbumDemo.app/NJKAlbumDemo";
			};
			name = Release;
		};
		E370E7E31C7EE2A300A26F03 /* Debug */ = {
			isa = XCBuildConfiguration;
			buildSettings = {
				INFOPLIST_FILE = NJKAlbumDemoUITests/Info.plist;
				LD_RUNPATH_SEARCH_PATHS = "$(inherited) @executable_path/Frameworks @loader_path/Frameworks";
				PRODUCT_BUNDLE_IDENTIFIER = cn.poco.NJKAlbumDemoUITests;
				PRODUCT_NAME = "$(TARGET_NAME)";
				TEST_TARGET_NAME = NJKAlbumDemo;
				USES_XCTRUNNER = YES;
			};
			name = Debug;
		};
		E370E7E41C7EE2A300A26F03 /* Release */ = {
			isa = XCBuildConfiguration;
			buildSettings = {
				INFOPLIST_FILE = NJKAlbumDemoUITests/Info.plist;
				LD_RUNPATH_SEARCH_PATHS = "$(inherited) @executable_path/Frameworks @loader_path/Frameworks";
				PRODUCT_BUNDLE_IDENTIFIER = cn.poco.NJKAlbumDemoUITests;
				PRODUCT_NAME = "$(TARGET_NAME)";
				TEST_TARGET_NAME = NJKAlbumDemo;
				USES_XCTRUNNER = YES;
			};
			name = Release;
		};
/* End XCBuildConfiguration section */

/* Begin XCConfigurationList section */
		E370E7AA1C7EE2A200A26F03 /* Build configuration list for PBXProject "NJKAlbumDemo" */ = {
			isa = XCConfigurationList;
			buildConfigurations = (
				E370E7DA1C7EE2A300A26F03 /* Debug */,
				E370E7DB1C7EE2A300A26F03 /* Release */,
			);
			defaultConfigurationIsVisible = 0;
			defaultConfigurationName = Release;
		};
		E370E7DC1C7EE2A300A26F03 /* Build configuration list for PBXNativeTarget "NJKAlbumDemo" */ = {
			isa = XCConfigurationList;
			buildConfigurations = (
				E370E7DD1C7EE2A300A26F03 /* Debug */,
				E370E7DE1C7EE2A300A26F03 /* Release */,
			);
			defaultConfigurationIsVisible = 0;
			defaultConfigurationName = Release;
		};
		E370E7DF1C7EE2A300A26F03 /* Build configuration list for PBXNativeTarget "NJKAlbumDemoTests" */ = {
			isa = XCConfigurationList;
			buildConfigurations = (
				E370E7E01C7EE2A300A26F03 /* Debug */,
				E370E7E11C7EE2A300A26F03 /* Release */,
			);
			defaultConfigurationIsVisible = 0;
			defaultConfigurationName = Release;
		};
		E370E7E21C7EE2A300A26F03 /* Build configuration list for PBXNativeTarget "NJKAlbumDemoUITests" */ = {
			isa = XCConfigurationList;
			buildConfigurations = (
				E370E7E31C7EE2A300A26F03 /* Debug */,
				E370E7E41C7EE2A300A26F03 /* Release */,
			);
			defaultConfigurationIsVisible = 0;
			defaultConfigurationName = Release;
		};
/* End XCConfigurationList section */
	};
	rootObject = E370E7A71C7EE2A200A26F03 /* Project object */;
}
