// !$*UTF8*$!
{
	archiveVersion = 1;
	classes = {
	};
	objectVersion = 46;
	objects = {

/* Begin PBXBuildFile section */
		E370E7B41C7EE2A200A26F03 /* main.m in Sources */ = {isa = PBXBuildFile; fileRef = E370E7B31C7EE2A200A26F03 /* main.m */; };
		E370E7B71C7EE2A200A26F03 /* AppDelegate.m in Sources */ = {isa = PBXBuildFile; fileRef = E370E7B61C7EE2A200A26F03 /* AppDelegate.m */; };
		E370E7BA1C7EE2A200A26F03 /* ViewController.m in Sources */ = {isa = PBXBuildFile; fileRef = E370E7B91C7EE2A200A26F03 /* ViewController.m */; };
		E370E7BD1C7EE2A300A26F03 /* Main.storyboard in Resources */ = {isa = PBXBuildFile; fileRef = E370E7BB1C7EE2A300A26F03 /* Main.storyboard */; };
		E370E7BF1C7EE2A300A26F03 /* Assets.xcassets in Resources */ = {isa = PBXBuildFile; fileRef = E370E7BE1C7EE2A300A26F03 /* Assets.xcassets */; };
		E370E7C21C7EE2A300A26F03 /* LaunchScreen.storyboard in Resources */ = {isa = PBXBuildFile; fileRef = E370E7C01C7EE2A300A26F03 /* LaunchScreen.storyboard */; };
		E370E7CD1C7EE2A300A26F03 /* NJKAlbumDemoTests.m in Sources */ = {isa = PBXBuildFile; fileRef = E370E7CC1C7EE2A300A26F03 /* NJKAlbumDemoTests.m */; };
		E370E7D81C7EE2A300A26F03 /* NJKAlbumDemoUITests.m in Sources */ = {isa = PBXBuildFile; fileRef = E370E7D71C7EE2A300A26F03 /* NJKAlbumDemoUITests.m */; };
		E3CDE9D21C85678E006646BB /* AlbumCell.m in Sources */ = {isa = PBXBuildFile; fileRef = E3CDE98D1C85678E006646BB /* AlbumCell.m */; };
		E3CDE9D31C85678E006646BB /* AssetCell.m in Sources */ = {isa = PBXBuildFile; fileRef = E3CDE98F1C85678E006646BB /* AssetCell.m */; };
		E3CDE9D41C85678E006646BB /* AssetPreviewCell.m in Sources */ = {isa = PBXBuildFile; fileRef = E3CDE9911C85678E006646BB /* AssetPreviewCell.m */; };
		E3CDE9D71C85678E006646BB /* AssetChooseController.m in Sources */ = {isa = PBXBuildFile; fileRef = E3CDE9991C85678E006646BB /* AssetChooseController.m */; };
		E3CDE9D81C85678E006646BB /* AlbumChooseController.m in Sources */ = {isa = PBXBuildFile; fileRef = E3CDE99B1C85678E006646BB /* AlbumChooseController.m */; };
		E3CDE9DB1C85678E006646BB /* AssetPreviewController.m in Sources */ = {isa = PBXBuildFile; fileRef = E3CDE9A11C85678E006646BB /* AssetPreviewController.m */; };
		E3CDE9DC1C85678E006646BB /* BaseAlbumCell.m in Sources */ = {isa = PBXBuildFile; fileRef = E3CDE9A51C85678E006646BB /* BaseAlbumCell.m */; };
		E3CDE9DD1C85678E006646BB /* BaseAssetCell.m in Sources */ = {isa = PBXBuildFile; fileRef = E3CDE9A71C85678E006646BB /* BaseAssetCell.m */; };
		E3CDE9DE1C85678E006646BB /* BaseAssetPreviewCell.m in Sources */ = {isa = PBXBuildFile; fileRef = E3CDE9A91C85678E006646BB /* BaseAssetPreviewCell.m */; };
		E3CDE9E31C85678E006646BB /* BaseAlbumChooseController.m in Sources */ = {isa = PBXBuildFile; fileRef = E3CDE9B51C85678E006646BB /* BaseAlbumChooseController.m */; };
		E3CDE9E41C85678E006646BB /* BaseAssetChooseController.m in Sources */ = {isa = PBXBuildFile; fileRef = E3CDE9B71C85678E006646BB /* BaseAssetChooseController.m */; };
		E3CDE9E51C85678E006646BB /* BaseAssetPreviewController.m in Sources */ = {isa = PBXBuildFile; fileRef = E3CDE9B91C85678E006646BB /* BaseAssetPreviewController.m */; };
		E3CDE9E91C85678E006646BB /* OldAlbumCell.m in Sources */ = {isa = PBXBuildFile; fileRef = E3CDE9C31C85678E006646BB /* OldAlbumCell.m */; };
		E3CDE9EA1C85678E006646BB /* OldAssetCell.m in Sources */ = {isa = PBXBuildFile; fileRef = E3CDE9C51C85678E006646BB /* OldAssetCell.m */; };
		E3CDE9EB1C85678E006646BB /* OldAssetPreviewCell.m in Sources */ = {isa = PBXBuildFile; fileRef = E3CDE9C71C85678E006646BB /* OldAssetPreviewCell.m */; };
		E3CDE9ED1C85678E006646BB /* OldAlbumChooseController.m in Sources */ = {isa = PBXBuildFile; fileRef = E3CDE9CC1C85678E006646BB /* OldAlbumChooseController.m */; };
		E3CDE9EE1C85678E006646BB /* OldAssetChooseController.m in Sources */ = {isa = PBXBuildFile; fileRef = E3CDE9CE1C85678E006646BB /* OldAssetChooseController.m */; };
		E3CDE9EF1C85678E006646BB /* PickerNavigationController.m in Sources */ = {isa = PBXBuildFile; fileRef = E3CDE9D11C85678E006646BB /* PickerNavigationController.m */; };
		E3CDE9F51C8568FE006646BB /* OldAssetPreviewController.m in Sources */ = {isa = PBXBuildFile; fileRef = E3CDE9F41C8568FE006646BB /* OldAssetPreviewController.m */; };
		E3CDE9F81C856AA9006646BB /* VIPhotoView.m in Sources */ = {isa = PBXBuildFile; fileRef = E3CDE9F71C856AA9006646BB /* VIPhotoView.m */; };
/* End PBXBuildFile section */

/* Begin PBXContainerItemProxy section */
		E370E7C91C7EE2A300A26F03 /* PBXContainerItemProxy */ = {
			isa = PBXContainerItemProxy;
			containerPortal = E370E7A71C7EE2A200A26F03 /* Project object */;
			proxyType = 1;
			remoteGlobalIDString = E370E7AE1C7EE2A200A26F03;
			remoteInfo = NJKAlbumDemo;
		};
		E370E7D41C7EE2A300A26F03 /* PBXContainerItemProxy */ = {
			isa = PBXContainerItemProxy;
			containerPortal = E370E7A71C7EE2A200A26F03 /* Project object */;
			proxyType = 1;
			remoteGlobalIDString = E370E7AE1C7EE2A200A26F03;
			remoteInfo = NJKAlbumDemo;
		};
/* End PBXContainerItemProxy section */

/* Begin PBXFileReference section */
		E370E7AF1C7EE2A200A26F03 /* NJKAlbumDemo.app */ = {isa = PBXFileReference; explicitFileType = wrapper.application; includeInIndex = 0; path = NJKAlbumDemo.app; sourceTree = BUILT_PRODUCTS_DIR; };
		E370E7B31C7EE2A200A26F03 /* main.m */ = {isa = PBXFileReference; lastKnownFileType = sourcecode.c.objc; path = main.m; sourceTree = "<group>"; };
		E370E7B51C7EE2A200A26F03 /* AppDelegate.h */ = {isa = PBXFileReference; lastKnownFileType = sourcecode.c.h; path = AppDelegate.h; sourceTree = "<group>"; };
		E370E7B61C7EE2A200A26F03 /* AppDelegate.m */ = {isa = PBXFileReference; lastKnownFileType = sourcecode.c.objc; path = AppDelegate.m; sourceTree = "<group>"; };
		E370E7B81C7EE2A200A26F03 /* ViewController.h */ = {isa = PBXFileReference; lastKnownFileType = sourcecode.c.h; path = ViewController.h; sourceTree = "<group>"; };
		E370E7B91C7EE2A200A26F03 /* ViewController.m */ = {isa = PBXFileReference; lastKnownFileType = sourcecode.c.objc; path = ViewController.m; sourceTree = "<group>"; };
		E370E7BC1C7EE2A300A26F03 /* Base */ = {isa = PBXFileReference; lastKnownFileType = file.storyboard; name = Base; path = Base.lproj/Main.storyboard; sourceTree = "<group>"; };
		E370E7BE1C7EE2A300A26F03 /* Assets.xcassets */ = {isa = PBXFileReference; lastKnownFileType = folder.assetcatalog; path = Assets.xcassets; sourceTree = "<group>"; };
		E370E7C11C7EE2A300A26F03 /* Base */ = {isa = PBXFileReference; lastKnownFileType = file.storyboard; name = Base; path = Base.lproj/LaunchScreen.storyboard; sourceTree = "<group>"; };
		E370E7C31C7EE2A300A26F03 /* Info.plist */ = {isa = PBXFileReference; lastKnownFileType = text.plist.xml; path = Info.plist; sourceTree = "<group>"; };
		E370E7C81C7EE2A300A26F03 /* NJKAlbumDemoTests.xctest */ = {isa = PBXFileReference; explicitFileType = wrapper.cfbundle; includeInIndex = 0; path = NJKAlbumDemoTests.xctest; sourceTree = BUILT_PRODUCTS_DIR; };
		E370E7CC1C7EE2A300A26F03 /* NJKAlbumDemoTests.m */ = {isa = PBXFileReference; lastKnownFileType = sourcecode.c.objc; path = NJKAlbumDemoTests.m; sourceTree = "<group>"; };
		E370E7CE1C7EE2A300A26F03 /* Info.plist */ = {isa = PBXFileReference; lastKnownFileType = text.plist.xml; path = Info.plist; sourceTree = "<group>"; };
		E370E7D31C7EE2A300A26F03 /* NJKAlbumDemoUITests.xctest */ = {isa = PBXFileReference; explicitFileType = wrapper.cfbundle; includeInIndex = 0; path = NJKAlbumDemoUITests.xctest; sourceTree = BUILT_PRODUCTS_DIR; };
		E370E7D71C7EE2A300A26F03 /* NJKAlbumDemoUITests.m */ = {isa = PBXFileReference; lastKnownFileType = sourcecode.c.objc; path = NJKAlbumDemoUITests.m; sourceTree = "<group>"; };
		E370E7D91C7EE2A300A26F03 /* Info.plist */ = {isa = PBXFileReference; lastKnownFileType = text.plist.xml; path = Info.plist; sourceTree = "<group>"; };
		E3CDE98C1C85678E006646BB /* AlbumCell.h */ = {isa = PBXFileReference; fileEncoding = 4; lastKnownFileType = sourcecode.c.h; path = AlbumCell.h; sourceTree = "<group>"; };
		E3CDE98D1C85678E006646BB /* AlbumCell.m */ = {isa = PBXFileReference; fileEncoding = 4; lastKnownFileType = sourcecode.c.objc; path = AlbumCell.m; sourceTree = "<group>"; };
		E3CDE98E1C85678E006646BB /* AssetCell.h */ = {isa = PBXFileReference; fileEncoding = 4; lastKnownFileType = sourcecode.c.h; path = AssetCell.h; sourceTree = "<group>"; };
		E3CDE98F1C85678E006646BB /* AssetCell.m */ = {isa = PBXFileReference; fileEncoding = 4; lastKnownFileType = sourcecode.c.objc; path = AssetCell.m; sourceTree = "<group>"; };
		E3CDE9901C85678E006646BB /* AssetPreviewCell.h */ = {isa = PBXFileReference; fileEncoding = 4; lastKnownFileType = sourcecode.c.h; path = AssetPreviewCell.h; sourceTree = "<group>"; };
		E3CDE9911C85678E006646BB /* AssetPreviewCell.m */ = {isa = PBXFileReference; fileEncoding = 4; lastKnownFileType = sourcecode.c.objc; path = AssetPreviewCell.m; sourceTree = "<group>"; };
		E3CDE9981C85678E006646BB /* AssetChooseController.h */ = {isa = PBXFileReference; fileEncoding = 4; lastKnownFileType = sourcecode.c.h; path = AssetChooseController.h; sourceTree = "<group>"; };
		E3CDE9991C85678E006646BB /* AssetChooseController.m */ = {isa = PBXFileReference; fileEncoding = 4; lastKnownFileType = sourcecode.c.objc; path = AssetChooseController.m; sourceTree = "<group>"; };
		E3CDE99A1C85678E006646BB /* AlbumChooseController.h */ = {isa = PBXFileReference; fileEncoding = 4; lastKnownFileType = sourcecode.c.h; path = AlbumChooseController.h; sourceTree = "<group>"; };
		E3CDE99B1C85678E006646BB /* AlbumChooseController.m */ = {isa = PBXFileReference; fileEncoding = 4; lastKnownFileType = sourcecode.c.objc; path = AlbumChooseController.m; sourceTree = "<group>"; };
		E3CDE9A01C85678E006646BB /* AssetPreviewController.h */ = {isa = PBXFileReference; fileEncoding = 4; lastKnownFileType = sourcecode.c.h; path = AssetPreviewController.h; sourceTree = "<group>"; };
		E3CDE9A11C85678E006646BB /* AssetPreviewController.m */ = {isa = PBXFileReference; fileEncoding = 4; lastKnownFileType = sourcecode.c.objc; path = AssetPreviewController.m; sourceTree = "<group>"; };
		E3CDE9A41C85678E006646BB /* BaseAlbumCell.h */ = {isa = PBXFileReference; fileEncoding = 4; lastKnownFileType = sourcecode.c.h; path = BaseAlbumCell.h; sourceTree = "<group>"; };
		E3CDE9A51C85678E006646BB /* BaseAlbumCell.m */ = {isa = PBXFileReference; fileEncoding = 4; lastKnownFileType = sourcecode.c.objc; path = BaseAlbumCell.m; sourceTree = "<group>"; };
		E3CDE9A61C85678E006646BB /* BaseAssetCell.h */ = {isa = PBXFileReference; fileEncoding = 4; lastKnownFileType = sourcecode.c.h; path = BaseAssetCell.h; sourceTree = "<group>"; };
		E3CDE9A71C85678E006646BB /* BaseAssetCell.m */ = {isa = PBXFileReference; fileEncoding = 4; lastKnownFileType = sourcecode.c.objc; path = BaseAssetCell.m; sourceTree = "<group>"; };
		E3CDE9A81C85678E006646BB /* BaseAssetPreviewCell.h */ = {isa = PBXFileReference; fileEncoding = 4; lastKnownFileType = sourcecode.c.h; path = BaseAssetPreviewCell.h; sourceTree = "<group>"; };
		E3CDE9A91C85678E006646BB /* BaseAssetPreviewCell.m */ = {isa = PBXFileReference; fileEncoding = 4; lastKnownFileType = sourcecode.c.objc; path = BaseAssetPreviewCell.m; sourceTree = "<group>"; };
		E3CDE9B41C85678E006646BB /* BaseAlbumChooseController.h */ = {isa = PBXFileReference; fileEncoding = 4; lastKnownFileType = sourcecode.c.h; path = BaseAlbumChooseController.h; sourceTree = "<group>"; };
		E3CDE9B51C85678E006646BB /* BaseAlbumChooseController.m */ = {isa = PBXFileReference; fileEncoding = 4; lastKnownFileType = sourcecode.c.objc; path = BaseAlbumChooseController.m; sourceTree = "<group>"; };
		E3CDE9B61C85678E006646BB /* BaseAssetChooseController.h */ = {isa = PBXFileReference; fileEncoding = 4; lastKnownFileType = sourcecode.c.h; path = BaseAssetChooseController.h; sourceTree = "<group>"; };
		E3CDE9B71C85678E006646BB /* BaseAssetChooseController.m */ = {isa = PBXFileReference; fileEncoding = 4; lastKnownFileType = sourcecode.c.objc; path = BaseAssetChooseController.m; sourceTree = "<group>"; };
		E3CDE9B81C85678E006646BB /* BaseAssetPreviewController.h */ = {isa = PBXFileReference; fileEncoding = 4; lastKnownFileType = sourcecode.c.h; path = BaseAssetPreviewController.h; sourceTree = "<group>"; };
		E3CDE9B91C85678E006646BB /* BaseAssetPreviewController.m */ = {isa = PBXFileReference; fileEncoding = 4; lastKnownFileType = sourcecode.c.objc; path = BaseAssetPreviewController.m; sourceTree = "<group>"; };
		E3CDE9C21C85678E006646BB /* OldAlbumCell.h */ = {isa = PBXFileReference; fileEncoding = 4; lastKnownFileType = sourcecode.c.h; path = OldAlbumCell.h; sourceTree = "<group>"; };
		E3CDE9C31C85678E006646BB /* OldAlbumCell.m */ = {isa = PBXFileReference; fileEncoding = 4; lastKnownFileType = sourcecode.c.objc; path = OldAlbumCell.m; sourceTree = "<group>"; };
		E3CDE9C41C85678E006646BB /* OldAssetCell.h */ = {isa = PBXFileReference; fileEncoding = 4; lastKnownFileType = sourcecode.c.h; path = OldAssetCell.h; sourceTree = "<group>"; };
		E3CDE9C51C85678E006646BB /* OldAssetCell.m */ = {isa = PBXFileReference; fileEncoding = 4; lastKnownFileType = sourcecode.c.objc; path = OldAssetCell.m; sourceTree = "<group>"; };
		E3CDE9C61C85678E006646BB /* OldAssetPreviewCell.h */ = {isa = PBXFileReference; fileEncoding = 4; lastKnownFileType = sourcecode.c.h; path = OldAssetPreviewCell.h; sourceTree = "<group>"; };
		E3CDE9C71C85678E006646BB /* OldAssetPreviewCell.m */ = {isa = PBXFileReference; fileEncoding = 4; lastKnownFileType = sourcecode.c.objc; path = OldAssetPreviewCell.m; sourceTree = "<group>"; };
		E3CDE9CB1C85678E006646BB /* OldAlbumChooseController.h */ = {isa = PBXFileReference; fileEncoding = 4; lastKnownFileType = sourcecode.c.h; path = OldAlbumChooseController.h; sourceTree = "<group>"; };
		E3CDE9CC1C85678E006646BB /* OldAlbumChooseController.m */ = {isa = PBXFileReference; fileEncoding = 4; lastKnownFileType = sourcecode.c.objc; path = OldAlbumChooseController.m; sourceTree = "<group>"; };
		E3CDE9CD1C85678E006646BB /* OldAssetChooseController.h */ = {isa = PBXFileReference; fileEncoding = 4; lastKnownFileType = sourcecode.c.h; path = OldAssetChooseController.h; sourceTree = "<group>"; };
		E3CDE9CE1C85678E006646BB /* OldAssetChooseController.m */ = {isa = PBXFileReference; fileEncoding = 4; lastKnownFileType = sourcecode.c.objc; path = OldAssetChooseController.m; sourceTree = "<group>"; };
		E3CDE9D01C85678E006646BB /* PickerNavigationController.h */ = {isa = PBXFileReference; fileEncoding = 4; lastKnownFileType = sourcecode.c.h; path = PickerNavigationController.h; sourceTree = "<group>"; };
		E3CDE9D11C85678E006646BB /* PickerNavigationController.m */ = {isa = PBXFileReference; fileEncoding = 4; lastKnownFileType = sourcecode.c.objc; path = PickerNavigationController.m; sourceTree = "<group>"; };
		E3CDE9F31C8568FE006646BB /* OldAssetPreviewController.h */ = {isa = PBXFileReference; fileEncoding = 4; lastKnownFileType = sourcecode.c.h; path = OldAssetPreviewController.h; sourceTree = "<group>"; };
		E3CDE9F41C8568FE006646BB /* OldAssetPreviewController.m */ = {isa = PBXFileReference; fileEncoding = 4; lastKnownFileType = sourcecode.c.objc; path = OldAssetPreviewController.m; sourceTree = "<group>"; };
		E3CDE9F61C856AA9006646BB /* VIPhotoView.h */ = {isa = PBXFileReference; fileEncoding = 4; lastKnownFileType = sourcecode.c.h; path = VIPhotoView.h; sourceTree = "<group>"; };
		E3CDE9F71C856AA9006646BB /* VIPhotoView.m */ = {isa = PBXFileReference; fileEncoding = 4; lastKnownFileType = sourcecode.c.objc; path = VIPhotoView.m; sourceTree = "<group>"; };
		E3CDEA011C857460006646BB /* AlbumNotification.h */ = {isa = PBXFileReference; lastKnownFileType = sourcecode.c.h; path = AlbumNotification.h; sourceTree = "<group>"; };
/* End PBXFileReference section */

/* Begin PBXFrameworksBuildPhase section */
		E370E7AC1C7EE2A200A26F03 /* Frameworks */ = {
			isa = PBXFrameworksBuildPhase;
			buildActionMask = 2147483647;
			files = (
			);
			runOnlyForDeploymentPostprocessing = 0;
		};
		E370E7C51C7EE2A300A26F03 /* Frameworks */ = {
			isa = PBXFrameworksBuildPhase;
			buildActionMask = 2147483647;
			files = (
			);
			runOnlyForDeploymentPostprocessing = 0;
		};
		E370E7D01C7EE2A300A26F03 /* Frameworks */ = {
			isa = PBXFrameworksBuildPhase;
			buildActionMask = 2147483647;
			files = (
			);
			runOnlyForDeploymentPostprocessing = 0;
		};
/* End PBXFrameworksBuildPhase section */

/* Begin PBXGroup section */
		E370E7A61C7EE2A200A26F03 = {
			isa = PBXGroup;
			children = (
				E370E7B11C7EE2A200A26F03 /* NJKAlbumDemo */,
				E370E7CB1C7EE2A300A26F03 /* NJKAlbumDemoTests */,
				E370E7D61C7EE2A300A26F03 /* NJKAlbumDemoUITests */,
				E370E7B01C7EE2A200A26F03 /* Products */,
			);
			sourceTree = "<group>";
		};
		E370E7B01C7EE2A200A26F03 /* Products */ = {
			isa = PBXGroup;
			children = (
				E370E7AF1C7EE2A200A26F03 /* NJKAlbumDemo.app */,
				E370E7C81C7EE2A300A26F03 /* NJKAlbumDemoTests.xctest */,
				E370E7D31C7EE2A300A26F03 /* NJKAlbumDemoUITests.xctest */,
			);
			name = Products;
			sourceTree = "<group>";
		};
		E370E7B11C7EE2A200A26F03 /* NJKAlbumDemo */ = {
			isa = PBXGroup;
			children = (
				E3CDE9891C85678E006646BB /* Module */,
				E370E7B51C7EE2A200A26F03 /* AppDelegate.h */,
				E370E7B61C7EE2A200A26F03 /* AppDelegate.m */,
				E370E7B81C7EE2A200A26F03 /* ViewController.h */,
				E370E7B91C7EE2A200A26F03 /* ViewController.m */,
				E370E7BB1C7EE2A300A26F03 /* Main.storyboard */,
				E370E7BE1C7EE2A300A26F03 /* Assets.xcassets */,
				E370E7C01C7EE2A300A26F03 /* LaunchScreen.storyboard */,
				E370E7C31C7EE2A300A26F03 /* Info.plist */,
				E370E7B21C7EE2A200A26F03 /* Supporting Files */,
			);
			path = NJKAlbumDemo;
			sourceTree = "<group>";
		};
		E370E7B21C7EE2A200A26F03 /* Supporting Files */ = {
			isa = PBXGroup;
			children = (
				E370E7B31C7EE2A200A26F03 /* main.m */,
			);
			name = "Supporting Files";
			sourceTree = "<group>";
		};
		E370E7CB1C7EE2A300A26F03 /* NJKAlbumDemoTests */ = {
			isa = PBXGroup;
			children = (
				E370E7CC1C7EE2A300A26F03 /* NJKAlbumDemoTests.m */,
				E370E7CE1C7EE2A300A26F03 /* Info.plist */,
			);
			path = NJKAlbumDemoTests;
			sourceTree = "<group>";
		};
		E370E7D61C7EE2A300A26F03 /* NJKAlbumDemoUITests */ = {
			isa = PBXGroup;
			children = (
				E370E7D71C7EE2A300A26F03 /* NJKAlbumDemoUITests.m */,
				E370E7D91C7EE2A300A26F03 /* Info.plist */,
			);
			path = NJKAlbumDemoUITests;
			sourceTree = "<group>";
		};
		E3CDE9891C85678E006646BB /* Module */ = {
			isa = PBXGroup;
			children = (
				E3CDE9FC1C856D60006646BB /* Notification */,
				E3CDE98A1C85678E006646BB /* Album */,
				E3CDE9A21C85678E006646BB /* BaseAlbum */,
				E3CDE9BC1C85678E006646BB /* OldAlbum */,
				E3CDE9CF1C85678E006646BB /* PickerNavigator */,
			);
			path = Module;
			sourceTree = "<group>";
		};
		E3CDE98A1C85678E006646BB /* Album */ = {
			isa = PBXGroup;
			children = (
				E3CDE98B1C85678E006646BB /* Cell */,
				E3CDE9971C85678E006646BB /* ViewController */,
			);
			path = Album;
			sourceTree = "<group>";
		};
		E3CDE98B1C85678E006646BB /* Cell */ = {
			isa = PBXGroup;
			children = (
				E3CDE98C1C85678E006646BB /* AlbumCell.h */,
				E3CDE98D1C85678E006646BB /* AlbumCell.m */,
				E3CDE98E1C85678E006646BB /* AssetCell.h */,
				E3CDE98F1C85678E006646BB /* AssetCell.m */,
				E3CDE9901C85678E006646BB /* AssetPreviewCell.h */,
				E3CDE9911C85678E006646BB /* AssetPreviewCell.m */,
			);
			path = Cell;
			sourceTree = "<group>";
		};
		E3CDE9971C85678E006646BB /* ViewController */ = {
			isa = PBXGroup;
			children = (
				E3CDE9981C85678E006646BB /* AssetChooseController.h */,
				E3CDE9991C85678E006646BB /* AssetChooseController.m */,
				E3CDE99A1C85678E006646BB /* AlbumChooseController.h */,
				E3CDE99B1C85678E006646BB /* AlbumChooseController.m */,
				E3CDE9A01C85678E006646BB /* AssetPreviewController.h */,
				E3CDE9A11C85678E006646BB /* AssetPreviewController.m */,
			);
			path = ViewController;
			sourceTree = "<group>";
		};
		E3CDE9A21C85678E006646BB /* BaseAlbum */ = {
			isa = PBXGroup;
			children = (
				E3CDE9A31C85678E006646BB /* Cell */,
				E3CDE9B31C85678E006646BB /* ViewController */,
			);
			path = BaseAlbum;
			sourceTree = "<group>";
		};
		E3CDE9A31C85678E006646BB /* Cell */ = {
			isa = PBXGroup;
			children = (
				E3CDE9F61C856AA9006646BB /* VIPhotoView.h */,
				E3CDE9F71C856AA9006646BB /* VIPhotoView.m */,
				E3CDE9A41C85678E006646BB /* BaseAlbumCell.h */,
				E3CDE9A51C85678E006646BB /* BaseAlbumCell.m */,
				E3CDE9A61C85678E006646BB /* BaseAssetCell.h */,
				E3CDE9A71C85678E006646BB /* BaseAssetCell.m */,
				E3CDE9A81C85678E006646BB /* BaseAssetPreviewCell.h */,
				E3CDE9A91C85678E006646BB /* BaseAssetPreviewCell.m */,
			);
			path = Cell;
			sourceTree = "<group>";
		};
		E3CDE9B31C85678E006646BB /* ViewController */ = {
			isa = PBXGroup;
			children = (
				E3CDE9B41C85678E006646BB /* BaseAlbumChooseController.h */,
				E3CDE9B51C85678E006646BB /* BaseAlbumChooseController.m */,
				E3CDE9B61C85678E006646BB /* BaseAssetChooseController.h */,
				E3CDE9B71C85678E006646BB /* BaseAssetChooseController.m */,
				E3CDE9B81C85678E006646BB /* BaseAssetPreviewController.h */,
				E3CDE9B91C85678E006646BB /* BaseAssetPreviewController.m */,
			);
			path = ViewController;
			sourceTree = "<group>";
		};
		E3CDE9BC1C85678E006646BB /* OldAlbum */ = {
			isa = PBXGroup;
			children = (
				E3CDE9BD1C85678E006646BB /* Cell */,
				E3CDE9C81C85678E006646BB /* ViewController */,
			);
			path = OldAlbum;
			sourceTree = "<group>";
		};
		E3CDE9BD1C85678E006646BB /* Cell */ = {
			isa = PBXGroup;
			children = (
				E3CDE9C21C85678E006646BB /* OldAlbumCell.h */,
				E3CDE9C31C85678E006646BB /* OldAlbumCell.m */,
				E3CDE9C41C85678E006646BB /* OldAssetCell.h */,
				E3CDE9C51C85678E006646BB /* OldAssetCell.m */,
				E3CDE9C61C85678E006646BB /* OldAssetPreviewCell.h */,
				E3CDE9C71C85678E006646BB /* OldAssetPreviewCell.m */,
			);
			path = Cell;
			sourceTree = "<group>";
		};
		E3CDE9C81C85678E006646BB /* ViewController */ = {
			isa = PBXGroup;
			children = (
				E3CDE9F31C8568FE006646BB /* OldAssetPreviewController.h */,
				E3CDE9F41C8568FE006646BB /* OldAssetPreviewController.m */,
				E3CDE9CB1C85678E006646BB /* OldAlbumChooseController.h */,
				E3CDE9CC1C85678E006646BB /* OldAlbumChooseController.m */,
				E3CDE9CD1C85678E006646BB /* OldAssetChooseController.h */,
				E3CDE9CE1C85678E006646BB /* OldAssetChooseController.m */,
			);
			path = ViewController;
			sourceTree = "<group>";
		};
		E3CDE9CF1C85678E006646BB /* PickerNavigator */ = {
			isa = PBXGroup;
			children = (
				E3CDE9D01C85678E006646BB /* PickerNavigationController.h */,
				E3CDE9D11C85678E006646BB /* PickerNavigationController.m */,
			);
			path = PickerNavigator;
			sourceTree = "<group>";
		};
		E3CDE9FC1C856D60006646BB /* Notification */ = {
			isa = PBXGroup;
			children = (
				E3CDEA011C857460006646BB /* AlbumNotification.h */,
			);
			path = Notification;
			sourceTree = "<group>";
		};
/* End PBXGroup section */

/* Begin PBXNativeTarget section */
		E370E7AE1C7EE2A200A26F03 /* NJKAlbumDemo */ = {
			isa = PBXNativeTarget;
			buildConfigurationList = E370E7DC1C7EE2A300A26F03 /* Build configuration list for PBXNativeTarget "NJKAlbumDemo" */;
			buildPhases = (
				E370E7AB1C7EE2A200A26F03 /* Sources */,
				E370E7AC1C7EE2A200A26F03 /* Frameworks */,
				E370E7AD1C7EE2A200A26F03 /* Resources */,
			);
			buildRules = (
			);
			dependencies = (
			);
			name = NJKAlbumDemo;
			productName = NJKAlbumDemo;
			productReference = E370E7AF1C7EE2A200A26F03 /* NJKAlbumDemo.app */;
			productType = "com.apple.product-type.application";
		};
		E370E7C71C7EE2A300A26F03 /* NJKAlbumDemoTests */ = {
			isa = PBXNativeTarget;
			buildConfigurationList = E370E7DF1C7EE2A300A26F03 /* Build configuration list for PBXNativeTarget "NJKAlbumDemoTests" */;
			buildPhases = (
				E370E7C41C7EE2A300A26F03 /* Sources */,
				E370E7C51C7EE2A300A26F03 /* Frameworks */,
				E370E7C61C7EE2A300A26F03 /* Resources */,
			);
			buildRules = (
			);
			dependencies = (
				E370E7CA1C7EE2A300A26F03 /* PBXTargetDependency */,
			);
			name = NJKAlbumDemoTests;
			productName = NJKAlbumDemoTests;
			productReference = E370E7C81C7EE2A300A26F03 /* NJKAlbumDemoTests.xctest */;
			productType = "com.apple.product-type.bundle.unit-test";
		};
		E370E7D21C7EE2A300A26F03 /* NJKAlbumDemoUITests */ = {
			isa = PBXNativeTarget;
			buildConfigurationList = E370E7E21C7EE2A300A26F03 /* Build configuration list for PBXNativeTarget "NJKAlbumDemoUITests" */;
			buildPhases = (
				E370E7CF1C7EE2A300A26F03 /* Sources */,
				E370E7D01C7EE2A300A26F03 /* Frameworks */,
				E370E7D11C7EE2A300A26F03 /* Resources */,
			);
			buildRules = (
			);
			dependencies = (
				E370E7D51C7EE2A300A26F03 /* PBXTargetDependency */,
			);
			name = NJKAlbumDemoUITests;
			productName = NJKAlbumDemoUITests;
			productReference = E370E7D31C7EE2A300A26F03 /* NJKAlbumDemoUITests.xctest */;
			productType = "com.apple.product-type.bundle.ui-testing";
		};
/* End PBXNativeTarget section */

/* Begin PBXProject section */
		E370E7A71C7EE2A200A26F03 /* Project object */ = {
			isa = PBXProject;
			attributes = {
				LastUpgradeCheck = 0720;
				ORGANIZATIONNAME = poco;
				TargetAttributes = {
					E370E7AE1C7EE2A200A26F03 = {
						CreatedOnToolsVersion = 7.2;
					};
					E370E7C71C7EE2A300A26F03 = {
						CreatedOnToolsVersion = 7.2;
						TestTargetID = E370E7AE1C7EE2A200A26F03;
					};
					E370E7D21C7EE2A300A26F03 = {
						CreatedOnToolsVersion = 7.2;
						TestTargetID = E370E7AE1C7EE2A200A26F03;
					};
				};
			};
			buildConfigurationList = E370E7AA1C7EE2A200A26F03 /* Build configuration list for PBXProject "NJKAlbumDemo" */;
			compatibilityVersion = "Xcode 3.2";
			developmentRegion = English;
			hasScannedForEncodings = 0;
			knownRegions = (
				en,
				Base,
			);
			mainGroup = E370E7A61C7EE2A200A26F03;
			productRefGroup = E370E7B01C7EE2A200A26F03 /* Products */;
			projectDirPath = "";
			projectRoot = "";
			targets = (
				E370E7AE1C7EE2A200A26F03 /* NJKAlbumDemo */,
				E370E7C71C7EE2A300A26F03 /* NJKAlbumDemoTests */,
				E370E7D21C7EE2A300A26F03 /* NJKAlbumDemoUITests */,
			);
		};
/* End PBXProject section */

/* Begin PBXResourcesBuildPhase section */
		E370E7AD1C7EE2A200A26F03 /* Resources */ = {
			isa = PBXResourcesBuildPhase;
			buildActionMask = 2147483647;
			files = (
				E370E7C21C7EE2A300A26F03 /* LaunchScreen.storyboard in Resources */,
				E370E7BF1C7EE2A300A26F03 /* Assets.xcassets in Resources */,
				E370E7BD1C7EE2A300A26F03 /* Main.storyboard in Resources */,
			);
			runOnlyForDeploymentPostprocessing = 0;
		};
		E370E7C61C7EE2A300A26F03 /* Resources */ = {
			isa = PBXResourcesBuildPhase;
			buildActionMask = 2147483647;
			files = (
			);
			runOnlyForDeploymentPostprocessing = 0;
		};
		E370E7D11C7EE2A300A26F03 /* Resources */ = {
			isa = PBXResourcesBuildPhase;
			buildActionMask = 2147483647;
			files = (
			);
			runOnlyForDeploymentPostprocessing = 0;
		};
/* End PBXResourcesBuildPhase section */

/* Begin PBXSourcesBuildPhase section */
		E370E7AB1C7EE2A200A26F03 /* Sources */ = {
			isa = PBXSourcesBuildPhase;
			buildActionMask = 2147483647;
			files = (
				E3CDE9EA1C85678E006646BB /* OldAssetCell.m in Sources */,
				E3CDE9DE1C85678E006646BB /* BaseAssetPreviewCell.m in Sources */,
				E3CDE9E41C85678E006646BB /* BaseAssetChooseController.m in Sources */,
				E3CDE9E91C85678E006646BB /* OldAlbumCell.m in Sources */,
				E3CDE9F81C856AA9006646BB /* VIPhotoView.m in Sources */,
				E3CDE9EB1C85678E006646BB /* OldAssetPreviewCell.m in Sources */,
				E370E7BA1C7EE2A200A26F03 /* ViewController.m in Sources */,
				E3CDE9E51C85678E006646BB /* BaseAssetPreviewController.m in Sources */,
				E3CDE9D71C85678E006646BB /* AssetChooseController.m in Sources */,
				E3CDE9ED1C85678E006646BB /* OldAlbumChooseController.m in Sources */,
				E3CDE9D41C85678E006646BB /* AssetPreviewCell.m in Sources */,
				E3CDE9DD1C85678E006646BB /* BaseAssetCell.m in Sources */,
				E3CDE9E31C85678E006646BB /* BaseAlbumChooseController.m in Sources */,
				E3CDE9EE1C85678E006646BB /* OldAssetChooseController.m in Sources */,
				E3CDE9DC1C85678E006646BB /* BaseAlbumCell.m in Sources */,
				E370E7B71C7EE2A200A26F03 /* AppDelegate.m in Sources */,
				E3CDE9F51C8568FE006646BB /* OldAssetPreviewController.m in Sources */,
				E3CDE9D31C85678E006646BB /* AssetCell.m in Sources */,
				E3CDE9D81C85678E006646BB /* AlbumChooseController.m in Sources */,
				E370E7B41C7EE2A200A26F03 /* main.m in Sources */,
				E3CDE9D21C85678E006646BB /* AlbumCell.m in Sources */,
				E3CDE9EF1C85678E006646BB /* PickerNavigationController.m in Sources */,
				E3CDE9DB1C85678E006646BB /* AssetPreviewController.m in Sources */,
			);
			runOnlyForDeploymentPostprocessing = 0;
		};
		E370E7C41C7EE2A300A26F03 /* Sources */ = {
			isa = PBXSourcesBuildPhase;
			buildActionMask = 2147483647;
			files = (
				E370E7CD1C7EE2A300A26F03 /* NJKAlbumDemoTests.m in Sources */,
			);
			runOnlyForDeploymentPostprocessing = 0;
		};
		E370E7CF1C7EE2A300A26F03 /* Sources */ = {
			isa = PBXSourcesBuildPhase;
			buildActionMask = 2147483647;
			files = (
				E370E7D81C7EE2A300A26F03 /* NJKAlbumDemoUITests.m in Sources */,
			);
			runOnlyForDeploymentPostprocessing = 0;
		};
/* End PBXSourcesBuildPhase section */

/* Begin PBXTargetDependency section */
		E370E7CA1C7EE2A300A26F03 /* PBXTargetDependency */ = {
			isa = PBXTargetDependency;
			target = E370E7AE1C7EE2A200A26F03 /* NJKAlbumDemo */;
			targetProxy = E370E7C91C7EE2A300A26F03 /* PBXContainerItemProxy */;
		};
		E370E7D51C7EE2A300A26F03 /* PBXTargetDependency */ = {
			isa = PBXTargetDependency;
			target = E370E7AE1C7EE2A200A26F03 /* NJKAlbumDemo */;
			targetProxy = E370E7D41C7EE2A300A26F03 /* PBXContainerItemProxy */;
		};
/* End PBXTargetDependency section */

/* Begin PBXVariantGroup section */
		E370E7BB1C7EE2A300A26F03 /* Main.storyboard */ = {
			isa = PBXVariantGroup;
			children = (
				E370E7BC1C7EE2A300A26F03 /* Base */,
			);
			name = Main.storyboard;
			sourceTree = "<group>";
		};
		E370E7C01C7EE2A300A26F03 /* LaunchScreen.storyboard */ = {
			isa = PBXVariantGroup;
			children = (
				E370E7C11C7EE2A300A26F03 /* Base */,
			);
			name = LaunchScreen.storyboard;
			sourceTree = "<group>";
		};
/* End PBXVariantGroup section */

/* Begin XCBuildConfiguration section */
		E370E7DA1C7EE2A300A26F03 /* Debug */ = {
			isa = XCBuildConfiguration;
			buildSettings = {
				ALWAYS_SEARCH_USER_PATHS = NO;
				CLANG_CXX_LANGUAGE_STANDARD = "gnu++0x";
				CLANG_CXX_LIBRARY = "libc++";
				CLANG_ENABLE_MODULES = YES;
				CLANG_ENABLE_OBJC_ARC = YES;
				CLANG_WARN_BOOL_CONVERSION = YES;
				CLANG_WARN_CONSTANT_CONVERSION = YES;
				CLANG_WARN_DIRECT_OBJC_ISA_USAGE = YES_ERROR;
				CLANG_WARN_EMPTY_BODY = YES;
				CLANG_WARN_ENUM_CONVERSION = YES;
				CLANG_WARN_INT_CONVERSION = YES;
				CLANG_WARN_OBJC_ROOT_CLASS = YES_ERROR;
				CLANG_WARN_UNREACHABLE_CODE = YES;
				CLANG_WARN__DUPLICATE_METHOD_MATCH = YES;
				"CODE_SIGN_IDENTITY[sdk=iphoneos*]" = "iPhone Developer";
				COPY_PHASE_STRIP = NO;
				DEBUG_INFORMATION_FORMAT = dwarf;
				ENABLE_STRICT_OBJC_MSGSEND = YES;
				ENABLE_TESTABILITY = YES;
				GCC_C_LANGUAGE_STANDARD = gnu99;
				GCC_DYNAMIC_NO_PIC = NO;
				GCC_NO_COMMON_BLOCKS = YES;
				GCC_OPTIMIZATION_LEVEL = 0;
				GCC_PREPROCESSOR_DEFINITIONS = (
					"DEBUG=1",
					"$(inherited)",
				);
				GCC_WARN_64_TO_32_BIT_CONVERSION = YES;
				GCC_WARN_ABOUT_RETURN_TYPE = YES_ERROR;
				GCC_WARN_UNDECLARED_SELECTOR = YES;
				GCC_WARN_UNINITIALIZED_AUTOS = YES_AGGRESSIVE;
				GCC_WARN_UNUSED_FUNCTION = YES;
				GCC_WARN_UNUSED_VARIABLE = YES;
				IPHONEOS_DEPLOYMENT_TARGET = 9.2;
				MTL_ENABLE_DEBUG_INFO = YES;
				ONLY_ACTIVE_ARCH = YES;
				SDKROOT = iphoneos;
			};
			name = Debug;
		};
		E370E7DB1C7EE2A300A26F03 /* Release */ = {
			isa = XCBuildConfiguration;
			buildSettings = {
				ALWAYS_SEARCH_USER_PATHS = NO;
				CLANG_CXX_LANGUAGE_STANDARD = "gnu++0x";
				CLANG_CXX_LIBRARY = "libc++";
				CLANG_ENABLE_MODULES = YES;
				CLANG_ENABLE_OBJC_ARC = YES;
				CLANG_WARN_BOOL_CONVERSION = YES;
				CLANG_WARN_CONSTANT_CONVERSION = YES;
				CLANG_WARN_DIRECT_OBJC_ISA_USAGE = YES_ERROR;
				CLANG_WARN_EMPTY_BODY = YES;
				CLANG_WARN_ENUM_CONVERSION = YES;
				CLANG_WARN_INT_CONVERSION = YES;
				CLANG_WARN_OBJC_ROOT_CLASS = YES_ERROR;
				CLANG_WARN_UNREACHABLE_CODE = YES;
				CLANG_WARN__DUPLICATE_METHOD_MATCH = YES;
				"CODE_SIGN_IDENTITY[sdk=iphoneos*]" = "iPhone Developer";
				COPY_PHASE_STRIP = NO;
				DEBUG_INFORMATION_FORMAT = "dwarf-with-dsym";
				ENABLE_NS_ASSERTIONS = NO;
				ENABLE_STRICT_OBJC_MSGSEND = YES;
				GCC_C_LANGUAGE_STANDARD = gnu99;
				GCC_NO_COMMON_BLOCKS = YES;
				GCC_WARN_64_TO_32_BIT_CONVERSION = YES;
				GCC_WARN_ABOUT_RETURN_TYPE = YES_ERROR;
				GCC_WARN_UNDECLARED_SELECTOR = YES;
				GCC_WARN_UNINITIALIZED_AUTOS = YES_AGGRESSIVE;
				GCC_WARN_UNUSED_FUNCTION = YES;
				GCC_WARN_UNUSED_VARIABLE = YES;
				IPHONEOS_DEPLOYMENT_TARGET = 9.2;
				MTL_ENABLE_DEBUG_INFO = NO;
				SDKROOT = iphoneos;
				VALIDATE_PRODUCT = YES;
			};
			name = Release;
		};
		E370E7DD1C7EE2A300A26F03 /* Debug */ = {
			isa = XCBuildConfiguration;
			buildSettings = {
				ASSETCATALOG_COMPILER_APPICON_NAME = AppIcon;
				INFOPLIST_FILE = NJKAlbumDemo/Info.plist;
				IPHONEOS_DEPLOYMENT_TARGET = 6.0;
				LD_RUNPATH_SEARCH_PATHS = "$(inherited) @executable_path/Frameworks";
				PRODUCT_BUNDLE_IDENTIFIER = cn.poco.NJKAlbumDemo;
				PRODUCT_NAME = "$(TARGET_NAME)";
			};
			name = Debug;
		};
		E370E7DE1C7EE2A300A26F03 /* Release */ = {
			isa = XCBuildConfiguration;
			buildSettings = {
				ASSETCATALOG_COMPILER_APPICON_NAME = AppIcon;
				INFOPLIST_FILE = NJKAlbumDemo/Info.plist;
				IPHONEOS_DEPLOYMENT_TARGET = 6.0;
				LD_RUNPATH_SEARCH_PATHS = "$(inherited) @executable_path/Frameworks";
				PRODUCT_BUNDLE_IDENTIFIER = cn.poco.NJKAlbumDemo;
				PRODUCT_NAME = "$(TARGET_NAME)";
			};
			name = Release;
		};
		E370E7E01C7EE2A300A26F03 /* Debug */ = {
			isa = XCBuildConfiguration;
			buildSettings = {
				BUNDLE_LOADER = "$(TEST_HOST)";
				INFOPLIST_FILE = NJKAlbumDemoTests/Info.plist;
				LD_RUNPATH_SEARCH_PATHS = "$(inherited) @executable_path/Frameworks @loader_path/Frameworks";
				PRODUCT_BUNDLE_IDENTIFIER = cn.poco.NJKAlbumDemoTests;
				PRODUCT_NAME = "$(TARGET_NAME)";
				TEST_HOST = "$(BUILT_PRODUCTS_DIR)/NJKAlbumDemo.app/NJKAlbumDemo";
			};
			name = Debug;
		};
		E370E7E11C7EE2A300A26F03 /* Release */ = {
			isa = XCBuildConfiguration;
			buildSettings = {
				BUNDLE_LOADER = "$(TEST_HOST)";
				INFOPLIST_FILE = NJKAlbumDemoTests/Info.plist;
				LD_RUNPATH_SEARCH_PATHS = "$(inherited) @executable_path/Frameworks @loader_path/Frameworks";
				PRODUCT_BUNDLE_IDENTIFIER = cn.poco.NJKAlbumDemoTests;
				PRODUCT_NAME = "$(TARGET_NAME)";
				TEST_HOST = "$(BUILT_PRODUCTS_DIR)/NJKAlbumDemo.app/NJKAlbumDemo";
			};
			name = Release;
		};
		E370E7E31C7EE2A300A26F03 /* Debug */ = {
			isa = XCBuildConfiguration;
			buildSettings = {
				INFOPLIST_FILE = NJKAlbumDemoUITests/Info.plist;
				LD_RUNPATH_SEARCH_PATHS = "$(inherited) @executable_path/Frameworks @loader_path/Frameworks";
				PRODUCT_BUNDLE_IDENTIFIER = cn.poco.NJKAlbumDemoUITests;
				PRODUCT_NAME = "$(TARGET_NAME)";
				TEST_TARGET_NAME = NJKAlbumDemo;
				USES_XCTRUNNER = YES;
			};
			name = Debug;
		};
		E370E7E41C7EE2A300A26F03 /* Release */ = {
			isa = XCBuildConfiguration;
			buildSettings = {
				INFOPLIST_FILE = NJKAlbumDemoUITests/Info.plist;
				LD_RUNPATH_SEARCH_PATHS = "$(inherited) @executable_path/Frameworks @loader_path/Frameworks";
				PRODUCT_BUNDLE_IDENTIFIER = cn.poco.NJKAlbumDemoUITests;
				PRODUCT_NAME = "$(TARGET_NAME)";
				TEST_TARGET_NAME = NJKAlbumDemo;
				USES_XCTRUNNER = YES;
			};
			name = Release;
		};
/* End XCBuildConfiguration section */

/* Begin XCConfigurationList section */
		E370E7AA1C7EE2A200A26F03 /* Build configuration list for PBXProject "NJKAlbumDemo" */ = {
			isa = XCConfigurationList;
			buildConfigurations = (
				E370E7DA1C7EE2A300A26F03 /* Debug */,
				E370E7DB1C7EE2A300A26F03 /* Release */,
			);
			defaultConfigurationIsVisible = 0;
			defaultConfigurationName = Release;
		};
		E370E7DC1C7EE2A300A26F03 /* Build configuration list for PBXNativeTarget "NJKAlbumDemo" */ = {
			isa = XCConfigurationList;
			buildConfigurations = (
				E370E7DD1C7EE2A300A26F03 /* Debug */,
				E370E7DE1C7EE2A300A26F03 /* Release */,
			);
			defaultConfigurationIsVisible = 0;
			defaultConfigurationName = Release;
		};
		E370E7DF1C7EE2A300A26F03 /* Build configuration list for PBXNativeTarget "NJKAlbumDemoTests" */ = {
			isa = XCConfigurationList;
			buildConfigurations = (
				E370E7E01C7EE2A300A26F03 /* Debug */,
				E370E7E11C7EE2A300A26F03 /* Release */,
			);
			defaultConfigurationIsVisible = 0;
			defaultConfigurationName = Release;
		};
		E370E7E21C7EE2A300A26F03 /* Build configuration list for PBXNativeTarget "NJKAlbumDemoUITests" */ = {
			isa = XCConfigurationList;
			buildConfigurations = (
				E370E7E31C7EE2A300A26F03 /* Debug */,
				E370E7E41C7EE2A300A26F03 /* Release */,
			);
			defaultConfigurationIsVisible = 0;
			defaultConfigurationName = Release;
		};
/* End XCConfigurationList section */
	};
	rootObject = E370E7A71C7EE2A200A26F03 /* Project object */;
}
